{
  "originHash" : "efd9758143bdd2e27eec0070d78813e19e4853e8a16e31352a693763817998e6",
  "pins" : [
    {
      "identity" : "alamofire",
      "kind" : "remoteSourceControl",
      "location" : "https://github.com/Alamofire/Alamofire.git",
      "state" : {
        "revision" : "513364f870f6bfc468f9d2ff0a95caccc10044c5",
        "version" : "5.10.2"
      }
    },
    {
      "identity" : "anycodable",
      "kind" : "remoteSourceControl",
      "location" : "https://github.com/flight-school/AnyCodable.git",
      "state" : {
        "revision" : "862808b2070cd908cb04f9aafe7de83d35f81b05",
        "version" : "0.6.7"
      }
    },
    {
      "identity" : "exceptioncatcher",
      "kind" : "remoteSourceControl",
      "location" : "https://github.com/sindresorhus/ExceptionCatcher",
      "state" : {
        "revision" : "3cd1997e3663078812efca8652af06104b5160bb",
        "version" : "2.1.0"
      }
    },
    {
      "identity" : "geojson",
      "kind" : "remoteSourceControl",
      "location" : "https://github.com/kiliankoe/GeoJSON.git",
      "state" : {
        "revision" : "ad151210f505181e9e8112b81aefc5f54383f4c2",
        "version" : "0.6.2"
      }
    },
    {
      "identity" : "kingfisher",
      "kind" : "remoteSourceControl",
      "location" : "https://github.com/onevcat/Kingfisher.git",
      "state" : {
        "revision" : "7deda23bbdca612076c5c315003d8638a08ed0f1",
        "version" : "8.3.2"
      }
    },
    {
      "identity" : "matomo-sdk-ios",
      "kind" : "remoteSourceControl",
      "location" : "https://github.com/matomo-org/matomo-sdk-ios",
      "state" : {
        "revision" : "82a1f3b18215381e2133d98b7cc09b5a855ff99d",
        "version" : "7.7.0"
      }
    },
    {
      "identity" : "ohhttpstubs",
      "kind" : "remoteSourceControl",
      "location" : "https://github.com/AliSoftware/OHHTTPStubs.git",
      "state" : {
        "revision" : "12f19662426d0434d6c330c6974d53e2eb10ecd9",
        "version" : "9.1.0"
      }
    },
    {
      "identity" : "swxmlhash",
      "kind" : "remoteSourceControl",
      "location" : "https://github.com/drmohundro/SWXMLHash",
      "state" : {
        "revision" : "6ae7b83692c4a2ed53ea2cb0e6cda20768800a99",
        "version" : "8.1.0"
      }
    }
  ],
  "version" : 3
}
