// !$*UTF8*$!
{
	archiveVersion = 1;
	classes = {
	};
	objectVersion = 55;
	objects = {

/* Begin PBXBuildFile section */
		7661E683816E96249364A3E9 /* libPods-Tests.a in Frameworks */ = {isa = PBXBuildFile; fileRef = 348DEA2A36EB9A84E1E19E2E /* libPods-Tests.a */; };
		7982FB9B536447055E423E94 /* libPods-Marlin.a in Frameworks */ = {isa = PBXBuildFile; fileRef = 2B0F14076A8393C9747AD1FE /* libPods-Marlin.a */; };
		F7A54CC42848149700E5F565 /* Tests_iOS.swift in Sources */ = {isa = PBXBuildFile; fileRef = F7A54CC32848149700E5F565 /* Tests_iOS.swift */; };
		F7A54CC62848149700E5F565 /* Tests_iOSLaunchTests.swift in Sources */ = {isa = PBXBuildFile; fileRef = F7A54CC52848149700E5F565 /* Tests_iOSLaunchTests.swift */; };
		F7A54CD32848149700E5F565 /* Marlin.xcdatamodeld in Sources */ = {isa = PBXBuildFile; fileRef = F7A54CA82848149500E5F565 /* Marlin.xcdatamodeld */; };
		F7A54CD52848149700E5F565 /* MarlinApp.swift in Sources */ = {isa = PBXBuildFile; fileRef = F7A54CAA2848149500E5F565 /* MarlinApp.swift */; };
		F7A54CD72848149700E5F565 /* ContentView.swift in Sources */ = {isa = PBXBuildFile; fileRef = F7A54CAB2848149500E5F565 /* ContentView.swift */; };
		F7A54CD92848149700E5F565 /* Persistence.swift in Sources */ = {isa = PBXBuildFile; fileRef = F7A54CAC2848149500E5F565 /* Persistence.swift */; };
		F7A54CDB2848149700E5F565 /* Assets.xcassets in Resources */ = {isa = PBXBuildFile; fileRef = F7A54CAD2848149600E5F565 /* Assets.xcassets */; };
		F7B349132849212B00E10ABF /* Asam+CoreDataClass.swift in Sources */ = {isa = PBXBuildFile; fileRef = F7B349112849212B00E10ABF /* Asam+CoreDataClass.swift */; };
		F7FB156D284AAF1B004ACAC5 /* MSIRouter.swift in Sources */ = {isa = PBXBuildFile; fileRef = F7FB156C284AAF1B004ACAC5 /* MSIRouter.swift */; };
		F7FB156F284AB09C004ACAC5 /* MSI.swift in Sources */ = {isa = PBXBuildFile; fileRef = F7FB156E284AB09C004ACAC5 /* MSI.swift */; };
/* End PBXBuildFile section */

/* Begin PBXContainerItemProxy section */
		F7A54CC02848149700E5F565 /* PBXContainerItemProxy */ = {
			isa = PBXContainerItemProxy;
			containerPortal = F7A54CA32848149500E5F565 /* Project object */;
			proxyType = 1;
			remoteGlobalIDString = F7A54CB12848149700E5F565;
			remoteInfo = "Marlin (iOS)";
		};
/* End PBXContainerItemProxy section */

/* Begin PBXFileReference section */
		2B0F14076A8393C9747AD1FE /* libPods-Marlin.a */ = {isa = PBXFileReference; explicitFileType = archive.ar; includeInIndex = 0; path = "libPods-Marlin.a"; sourceTree = BUILT_PRODUCTS_DIR; };
		34130942F9E50D9E7EF72632 /* Pods-Tests.debug.xcconfig */ = {isa = PBXFileReference; includeInIndex = 1; lastKnownFileType = text.xcconfig; name = "Pods-Tests.debug.xcconfig"; path = "Target Support Files/Pods-Tests/Pods-Tests.debug.xcconfig"; sourceTree = "<group>"; };
		348DEA2A36EB9A84E1E19E2E /* libPods-Tests.a */ = {isa = PBXFileReference; explicitFileType = archive.ar; includeInIndex = 0; path = "libPods-Tests.a"; sourceTree = BUILT_PRODUCTS_DIR; };
		34DEDF107D4BA2A7D7541968 /* Pods-Marlin.debug.xcconfig */ = {isa = PBXFileReference; includeInIndex = 1; lastKnownFileType = text.xcconfig; name = "Pods-Marlin.debug.xcconfig"; path = "Target Support Files/Pods-Marlin/Pods-Marlin.debug.xcconfig"; sourceTree = "<group>"; };
		F32BF352638699CBFE1A8D52 /* Pods-Marlin.release.xcconfig */ = {isa = PBXFileReference; includeInIndex = 1; lastKnownFileType = text.xcconfig; name = "Pods-Marlin.release.xcconfig"; path = "Target Support Files/Pods-Marlin/Pods-Marlin.release.xcconfig"; sourceTree = "<group>"; };
		F384519029FC00E3B062FD18 /* Pods-Tests.release.xcconfig */ = {isa = PBXFileReference; includeInIndex = 1; lastKnownFileType = text.xcconfig; name = "Pods-Tests.release.xcconfig"; path = "Target Support Files/Pods-Tests/Pods-Tests.release.xcconfig"; sourceTree = "<group>"; };
		F7A54CA92848149500E5F565 /* Shared.xcdatamodel */ = {isa = PBXFileReference; lastKnownFileType = wrapper.xcdatamodel; path = Shared.xcdatamodel; sourceTree = "<group>"; };
		F7A54CAA2848149500E5F565 /* MarlinApp.swift */ = {isa = PBXFileReference; lastKnownFileType = sourcecode.swift; path = MarlinApp.swift; sourceTree = "<group>"; };
		F7A54CAB2848149500E5F565 /* ContentView.swift */ = {isa = PBXFileReference; lastKnownFileType = sourcecode.swift; path = ContentView.swift; sourceTree = "<group>"; };
		F7A54CAC2848149500E5F565 /* Persistence.swift */ = {isa = PBXFileReference; lastKnownFileType = sourcecode.swift; path = Persistence.swift; sourceTree = "<group>"; };
		F7A54CAD2848149600E5F565 /* Assets.xcassets */ = {isa = PBXFileReference; lastKnownFileType = folder.assetcatalog; path = Assets.xcassets; sourceTree = "<group>"; };
		F7A54CB22848149700E5F565 /* Marlin.app */ = {isa = PBXFileReference; explicitFileType = wrapper.application; includeInIndex = 0; path = Marlin.app; sourceTree = BUILT_PRODUCTS_DIR; };
		F7A54CBF2848149700E5F565 /* Tests.xctest */ = {isa = PBXFileReference; explicitFileType = wrapper.cfbundle; includeInIndex = 0; path = Tests.xctest; sourceTree = BUILT_PRODUCTS_DIR; };
		F7A54CC32848149700E5F565 /* Tests_iOS.swift */ = {isa = PBXFileReference; lastKnownFileType = sourcecode.swift; path = Tests_iOS.swift; sourceTree = "<group>"; };
		F7A54CC52848149700E5F565 /* Tests_iOSLaunchTests.swift */ = {isa = PBXFileReference; lastKnownFileType = sourcecode.swift; path = Tests_iOSLaunchTests.swift; sourceTree = "<group>"; };
		F7B349112849212B00E10ABF /* Asam+CoreDataClass.swift */ = {isa = PBXFileReference; lastKnownFileType = sourcecode.swift; name = "Asam+CoreDataClass.swift"; path = "Marlin/CoreData/Asam+CoreDataClass.swift"; sourceTree = "<group>"; };
		F7FB156C284AAF1B004ACAC5 /* MSIRouter.swift */ = {isa = PBXFileReference; lastKnownFileType = sourcecode.swift; path = MSIRouter.swift; sourceTree = "<group>"; };
		F7FB156E284AB09C004ACAC5 /* MSI.swift */ = {isa = PBXFileReference; lastKnownFileType = sourcecode.swift; path = MSI.swift; sourceTree = "<group>"; };
/* End PBXFileReference section */

/* Begin PBXFrameworksBuildPhase section */
		F7A54CAF2848149700E5F565 /* Frameworks */ = {
			isa = PBXFrameworksBuildPhase;
			buildActionMask = 2147483647;
			files = (
				7982FB9B536447055E423E94 /* libPods-Marlin.a in Frameworks */,
			);
			runOnlyForDeploymentPostprocessing = 0;
		};
		F7A54CBC2848149700E5F565 /* Frameworks */ = {
			isa = PBXFrameworksBuildPhase;
			buildActionMask = 2147483647;
			files = (
				7661E683816E96249364A3E9 /* libPods-Tests.a in Frameworks */,
			);
			runOnlyForDeploymentPostprocessing = 0;
		};
/* End PBXFrameworksBuildPhase section */

/* Begin PBXGroup section */
		1CC5D4AD4FF5E1519B884B5D /* Frameworks */ = {
			isa = PBXGroup;
			children = (
				2B0F14076A8393C9747AD1FE /* libPods-Marlin.a */,
				348DEA2A36EB9A84E1E19E2E /* libPods-Tests.a */,
			);
			name = Frameworks;
			sourceTree = "<group>";
		};
		BC66EBA07E9373D21DB95518 /* Pods */ = {
			isa = PBXGroup;
			children = (
				34DEDF107D4BA2A7D7541968 /* Pods-Marlin.debug.xcconfig */,
				F32BF352638699CBFE1A8D52 /* Pods-Marlin.release.xcconfig */,
				34130942F9E50D9E7EF72632 /* Pods-Tests.debug.xcconfig */,
				F384519029FC00E3B062FD18 /* Pods-Tests.release.xcconfig */,
			);
			path = Pods;
			sourceTree = "<group>";
		};
		F7A54CA22848149500E5F565 = {
			isa = PBXGroup;
			children = (
				F7B349112849212B00E10ABF /* Asam+CoreDataClass.swift */,
				F7A54CA72848149500E5F565 /* Marlin */,
				F7A54CC22848149700E5F565 /* Tests iOS */,
				F7A54CB32848149700E5F565 /* Products */,
				BC66EBA07E9373D21DB95518 /* Pods */,
				1CC5D4AD4FF5E1519B884B5D /* Frameworks */,
			);
			sourceTree = "<group>";
		};
		F7A54CA72848149500E5F565 /* Marlin */ = {
			isa = PBXGroup;
			children = (
				F7FB156B284AAE3C004ACAC5 /* Networking */,
				F7B3490828491D6200E10ABF /* CoreData */,
				F7A54CAA2848149500E5F565 /* MarlinApp.swift */,
				F7A54CAB2848149500E5F565 /* ContentView.swift */,
				F7A54CAC2848149500E5F565 /* Persistence.swift */,
				F7A54CAD2848149600E5F565 /* Assets.xcassets */,
				F7A54CA82848149500E5F565 /* Marlin.xcdatamodeld */,
			);
			path = Marlin;
			sourceTree = "<group>";
		};
		F7A54CB32848149700E5F565 /* Products */ = {
			isa = PBXGroup;
			children = (
				F7A54CB22848149700E5F565 /* Marlin.app */,
				F7A54CBF2848149700E5F565 /* Tests.xctest */,
			);
			name = Products;
			sourceTree = "<group>";
		};
		F7A54CC22848149700E5F565 /* Tests iOS */ = {
			isa = PBXGroup;
			children = (
				F7A54CC32848149700E5F565 /* Tests_iOS.swift */,
				F7A54CC52848149700E5F565 /* Tests_iOSLaunchTests.swift */,
			);
			path = "Tests iOS";
			sourceTree = "<group>";
		};
		F7B3490828491D6200E10ABF /* CoreData */ = {
			isa = PBXGroup;
			children = (
			);
			path = CoreData;
			sourceTree = "<group>";
		};
		F7FB156B284AAE3C004ACAC5 /* Networking */ = {
			isa = PBXGroup;
			children = (
				F7FB156C284AAF1B004ACAC5 /* MSIRouter.swift */,
				F7FB156E284AB09C004ACAC5 /* MSI.swift */,
			);
			path = Networking;
			sourceTree = "<group>";
		};
/* End PBXGroup section */

/* Begin PBXNativeTarget section */
		F7A54CB12848149700E5F565 /* Marlin */ = {
			isa = PBXNativeTarget;
			buildConfigurationList = F7A54CDF2848149700E5F565 /* Build configuration list for PBXNativeTarget "Marlin" */;
			buildPhases = (
				BB1C8A177E30776D268E702C /* [CP] Check Pods Manifest.lock */,
				F7A54CAE2848149700E5F565 /* Sources */,
				F7A54CAF2848149700E5F565 /* Frameworks */,
				F7A54CB02848149700E5F565 /* Resources */,
				A9BE0339705748846E8518E1 /* [CP] Copy Pods Resources */,
			);
			buildRules = (
			);
			dependencies = (
			);
			name = Marlin;
			productName = "Marlin (iOS)";
			productReference = F7A54CB22848149700E5F565 /* Marlin.app */;
			productType = "com.apple.product-type.application";
		};
		F7A54CBE2848149700E5F565 /* Tests */ = {
			isa = PBXNativeTarget;
			buildConfigurationList = F7A54CE52848149700E5F565 /* Build configuration list for PBXNativeTarget "Tests" */;
			buildPhases = (
				CDFD5728F93C348F481D57B5 /* [CP] Check Pods Manifest.lock */,
				F7A54CBB2848149700E5F565 /* Sources */,
				F7A54CBC2848149700E5F565 /* Frameworks */,
				F7A54CBD2848149700E5F565 /* Resources */,
				FC4489E63EDCF5245E68CCBE /* [CP] Copy Pods Resources */,
			);
			buildRules = (
			);
			dependencies = (
				F7A54CC12848149700E5F565 /* PBXTargetDependency */,
			);
			name = Tests;
			productName = "Tests iOS";
			productReference = F7A54CBF2848149700E5F565 /* Tests.xctest */;
			productType = "com.apple.product-type.bundle.ui-testing";
		};
/* End PBXNativeTarget section */

/* Begin PBXProject section */
		F7A54CA32848149500E5F565 /* Project object */ = {
			isa = PBXProject;
			attributes = {
				BuildIndependentTargetsInParallel = 1;
				LastSwiftUpdateCheck = 1340;
				LastUpgradeCheck = 1340;
				TargetAttributes = {
					F7A54CB12848149700E5F565 = {
						CreatedOnToolsVersion = 13.4;
					};
					F7A54CBE2848149700E5F565 = {
						CreatedOnToolsVersion = 13.4;
						TestTargetID = F7A54CB12848149700E5F565;
					};
				};
			};
			buildConfigurationList = F7A54CA62848149500E5F565 /* Build configuration list for PBXProject "Marlin" */;
			compatibilityVersion = "Xcode 13.0";
			developmentRegion = en;
			hasScannedForEncodings = 0;
			knownRegions = (
				en,
				Base,
			);
			mainGroup = F7A54CA22848149500E5F565;
			productRefGroup = F7A54CB32848149700E5F565 /* Products */;
			projectDirPath = "";
			projectRoot = "";
			targets = (
				F7A54CB12848149700E5F565 /* Marlin */,
				F7A54CBE2848149700E5F565 /* Tests */,
			);
		};
/* End PBXProject section */

/* Begin PBXResourcesBuildPhase section */
		F7A54CB02848149700E5F565 /* Resources */ = {
			isa = PBXResourcesBuildPhase;
			buildActionMask = 2147483647;
			files = (
				F7A54CDB2848149700E5F565 /* Assets.xcassets in Resources */,
			);
			runOnlyForDeploymentPostprocessing = 0;
		};
		F7A54CBD2848149700E5F565 /* Resources */ = {
			isa = PBXResourcesBuildPhase;
			buildActionMask = 2147483647;
			files = (
			);
			runOnlyForDeploymentPostprocessing = 0;
		};
/* End PBXResourcesBuildPhase section */

/* Begin PBXShellScriptBuildPhase section */
		A9BE0339705748846E8518E1 /* [CP] Copy Pods Resources */ = {
			isa = PBXShellScriptBuildPhase;
			buildActionMask = 2147483647;
			files = (
			);
			inputFileListPaths = (
				"${PODS_ROOT}/Target Support Files/Pods-Marlin/Pods-Marlin-resources-${CONFIGURATION}-input-files.xcfilelist",
			);
			name = "[CP] Copy Pods Resources";
			outputFileListPaths = (
				"${PODS_ROOT}/Target Support Files/Pods-Marlin/Pods-Marlin-resources-${CONFIGURATION}-output-files.xcfilelist",
			);
			runOnlyForDeploymentPostprocessing = 0;
			shellPath = /bin/sh;
			shellScript = "\"${PODS_ROOT}/Target Support Files/Pods-Marlin/Pods-Marlin-resources.sh\"\n";
			showEnvVarsInLog = 0;
		};
		BB1C8A177E30776D268E702C /* [CP] Check Pods Manifest.lock */ = {
			isa = PBXShellScriptBuildPhase;
			buildActionMask = 2147483647;
			files = (
			);
			inputFileListPaths = (
			);
			inputPaths = (
				"${PODS_PODFILE_DIR_PATH}/Podfile.lock",
				"${PODS_ROOT}/Manifest.lock",
			);
			name = "[CP] Check Pods Manifest.lock";
			outputFileListPaths = (
			);
			outputPaths = (
				"$(DERIVED_FILE_DIR)/Pods-Marlin-checkManifestLockResult.txt",
			);
			runOnlyForDeploymentPostprocessing = 0;
			shellPath = /bin/sh;
			shellScript = "diff \"${PODS_PODFILE_DIR_PATH}/Podfile.lock\" \"${PODS_ROOT}/Manifest.lock\" > /dev/null\nif [ $? != 0 ] ; then\n    # print error to STDERR\n    echo \"error: The sandbox is not in sync with the Podfile.lock. Run 'pod install' or update your CocoaPods installation.\" >&2\n    exit 1\nfi\n# This output is used by Xcode 'outputs' to avoid re-running this script phase.\necho \"SUCCESS\" > \"${SCRIPT_OUTPUT_FILE_0}\"\n";
			showEnvVarsInLog = 0;
		};
		CDFD5728F93C348F481D57B5 /* [CP] Check Pods Manifest.lock */ = {
			isa = PBXShellScriptBuildPhase;
			buildActionMask = 2147483647;
			files = (
			);
			inputFileListPaths = (
			);
			inputPaths = (
				"${PODS_PODFILE_DIR_PATH}/Podfile.lock",
				"${PODS_ROOT}/Manifest.lock",
			);
			name = "[CP] Check Pods Manifest.lock";
			outputFileListPaths = (
			);
			outputPaths = (
				"$(DERIVED_FILE_DIR)/Pods-Tests-checkManifestLockResult.txt",
			);
			runOnlyForDeploymentPostprocessing = 0;
			shellPath = /bin/sh;
			shellScript = "diff \"${PODS_PODFILE_DIR_PATH}/Podfile.lock\" \"${PODS_ROOT}/Manifest.lock\" > /dev/null\nif [ $? != 0 ] ; then\n    # print error to STDERR\n    echo \"error: The sandbox is not in sync with the Podfile.lock. Run 'pod install' or update your CocoaPods installation.\" >&2\n    exit 1\nfi\n# This output is used by Xcode 'outputs' to avoid re-running this script phase.\necho \"SUCCESS\" > \"${SCRIPT_OUTPUT_FILE_0}\"\n";
			showEnvVarsInLog = 0;
		};
		FC4489E63EDCF5245E68CCBE /* [CP] Copy Pods Resources */ = {
			isa = PBXShellScriptBuildPhase;
			buildActionMask = 2147483647;
			files = (
			);
			inputFileListPaths = (
				"${PODS_ROOT}/Target Support Files/Pods-Tests/Pods-Tests-resources-${CONFIGURATION}-input-files.xcfilelist",
			);
			name = "[CP] Copy Pods Resources";
			outputFileListPaths = (
				"${PODS_ROOT}/Target Support Files/Pods-Tests/Pods-Tests-resources-${CONFIGURATION}-output-files.xcfilelist",
			);
			runOnlyForDeploymentPostprocessing = 0;
			shellPath = /bin/sh;
			shellScript = "\"${PODS_ROOT}/Target Support Files/Pods-Tests/Pods-Tests-resources.sh\"\n";
			showEnvVarsInLog = 0;
		};
/* End PBXShellScriptBuildPhase section */

/* Begin PBXSourcesBuildPhase section */
		F7A54CAE2848149700E5F565 /* Sources */ = {
			isa = PBXSourcesBuildPhase;
			buildActionMask = 2147483647;
			files = (
				F7B349132849212B00E10ABF /* Asam+CoreDataClass.swift in Sources */,
				F7A54CD52848149700E5F565 /* MarlinApp.swift in Sources */,
				F7A54CD92848149700E5F565 /* Persistence.swift in Sources */,
				F7A54CD32848149700E5F565 /* Marlin.xcdatamodeld in Sources */,
				F7FB156F284AB09C004ACAC5 /* MSI.swift in Sources */,
				F7FB156D284AAF1B004ACAC5 /* MSIRouter.swift in Sources */,
				F7A54CD72848149700E5F565 /* ContentView.swift in Sources */,
			);
			runOnlyForDeploymentPostprocessing = 0;
		};
		F7A54CBB2848149700E5F565 /* Sources */ = {
			isa = PBXSourcesBuildPhase;
			buildActionMask = 2147483647;
			files = (
				F7A54CC62848149700E5F565 /* Tests_iOSLaunchTests.swift in Sources */,
				F7A54CC42848149700E5F565 /* Tests_iOS.swift in Sources */,
			);
			runOnlyForDeploymentPostprocessing = 0;
		};
/* End PBXSourcesBuildPhase section */

/* Begin PBXTargetDependency section */
		F7A54CC12848149700E5F565 /* PBXTargetDependency */ = {
			isa = PBXTargetDependency;
			target = F7A54CB12848149700E5F565 /* Marlin */;
			targetProxy = F7A54CC02848149700E5F565 /* PBXContainerItemProxy */;
		};
/* End PBXTargetDependency section */

/* Begin XCBuildConfiguration section */
		F7A54CDD2848149700E5F565 /* Debug */ = {
			isa = XCBuildConfiguration;
			buildSettings = {
				ALWAYS_SEARCH_USER_PATHS = NO;
				CLANG_ANALYZER_NONNULL = YES;
				CLANG_ANALYZER_NUMBER_OBJECT_CONVERSION = YES_AGGRESSIVE;
				CLANG_CXX_LANGUAGE_STANDARD = "gnu++17";
				CLANG_ENABLE_MODULES = YES;
				CLANG_ENABLE_OBJC_ARC = YES;
				CLANG_ENABLE_OBJC_WEAK = YES;
				CLANG_WARN_BLOCK_CAPTURE_AUTORELEASING = YES;
				CLANG_WARN_BOOL_CONVERSION = YES;
				CLANG_WARN_COMMA = YES;
				CLANG_WARN_CONSTANT_CONVERSION = YES;
				CLANG_WARN_DEPRECATED_OBJC_IMPLEMENTATIONS = YES;
				CLANG_WARN_DIRECT_OBJC_ISA_USAGE = YES_ERROR;
				CLANG_WARN_DOCUMENTATION_COMMENTS = YES;
				CLANG_WARN_EMPTY_BODY = YES;
				CLANG_WARN_ENUM_CONVERSION = YES;
				CLANG_WARN_INFINITE_RECURSION = YES;
				CLANG_WARN_INT_CONVERSION = YES;
				CLANG_WARN_NON_LITERAL_NULL_CONVERSION = YES;
				CLANG_WARN_OBJC_IMPLICIT_RETAIN_SELF = YES;
				CLANG_WARN_OBJC_LITERAL_CONVERSION = YES;
				CLANG_WARN_OBJC_ROOT_CLASS = YES_ERROR;
				CLANG_WARN_QUOTED_INCLUDE_IN_FRAMEWORK_HEADER = YES;
				CLANG_WARN_RANGE_LOOP_ANALYSIS = YES;
				CLANG_WARN_STRICT_PROTOTYPES = YES;
				CLANG_WARN_SUSPICIOUS_MOVE = YES;
				CLANG_WARN_UNGUARDED_AVAILABILITY = YES_AGGRESSIVE;
				CLANG_WARN_UNREACHABLE_CODE = YES;
				CLANG_WARN__DUPLICATE_METHOD_MATCH = YES;
				COPY_PHASE_STRIP = NO;
				DEBUG_INFORMATION_FORMAT = dwarf;
				ENABLE_STRICT_OBJC_MSGSEND = YES;
				ENABLE_TESTABILITY = YES;
				GCC_C_LANGUAGE_STANDARD = gnu11;
				GCC_DYNAMIC_NO_PIC = NO;
				GCC_NO_COMMON_BLOCKS = YES;
				GCC_OPTIMIZATION_LEVEL = 0;
				GCC_PREPROCESSOR_DEFINITIONS = (
					"DEBUG=1",
					"$(inherited)",
				);
				GCC_WARN_64_TO_32_BIT_CONVERSION = YES;
				GCC_WARN_ABOUT_RETURN_TYPE = YES_ERROR;
				GCC_WARN_UNDECLARED_SELECTOR = YES;
				GCC_WARN_UNINITIALIZED_AUTOS = YES_AGGRESSIVE;
				GCC_WARN_UNUSED_FUNCTION = YES;
				GCC_WARN_UNUSED_VARIABLE = YES;
				MTL_ENABLE_DEBUG_INFO = INCLUDE_SOURCE;
				MTL_FAST_MATH = YES;
				ONLY_ACTIVE_ARCH = YES;
				SWIFT_ACTIVE_COMPILATION_CONDITIONS = DEBUG;
				SWIFT_OPTIMIZATION_LEVEL = "-Onone";
			};
			name = Debug;
		};
		F7A54CDE2848149700E5F565 /* Release */ = {
			isa = XCBuildConfiguration;
			buildSettings = {
				ALWAYS_SEARCH_USER_PATHS = NO;
				CLANG_ANALYZER_NONNULL = YES;
				CLANG_ANALYZER_NUMBER_OBJECT_CONVERSION = YES_AGGRESSIVE;
				CLANG_CXX_LANGUAGE_STANDARD = "gnu++17";
				CLANG_ENABLE_MODULES = YES;
				CLANG_ENABLE_OBJC_ARC = YES;
				CLANG_ENABLE_OBJC_WEAK = YES;
				CLANG_WARN_BLOCK_CAPTURE_AUTORELEASING = YES;
				CLANG_WARN_BOOL_CONVERSION = YES;
				CLANG_WARN_COMMA = YES;
				CLANG_WARN_CONSTANT_CONVERSION = YES;
				CLANG_WARN_DEPRECATED_OBJC_IMPLEMENTATIONS = YES;
				CLANG_WARN_DIRECT_OBJC_ISA_USAGE = YES_ERROR;
				CLANG_WARN_DOCUMENTATION_COMMENTS = YES;
				CLANG_WARN_EMPTY_BODY = YES;
				CLANG_WARN_ENUM_CONVERSION = YES;
				CLANG_WARN_INFINITE_RECURSION = YES;
				CLANG_WARN_INT_CONVERSION = YES;
				CLANG_WARN_NON_LITERAL_NULL_CONVERSION = YES;
				CLANG_WARN_OBJC_IMPLICIT_RETAIN_SELF = YES;
				CLANG_WARN_OBJC_LITERAL_CONVERSION = YES;
				CLANG_WARN_OBJC_ROOT_CLASS = YES_ERROR;
				CLANG_WARN_QUOTED_INCLUDE_IN_FRAMEWORK_HEADER = YES;
				CLANG_WARN_RANGE_LOOP_ANALYSIS = YES;
				CLANG_WARN_STRICT_PROTOTYPES = YES;
				CLANG_WARN_SUSPICIOUS_MOVE = YES;
				CLANG_WARN_UNGUARDED_AVAILABILITY = YES_AGGRESSIVE;
				CLANG_WARN_UNREACHABLE_CODE = YES;
				CLANG_WARN__DUPLICATE_METHOD_MATCH = YES;
				COPY_PHASE_STRIP = NO;
				DEBUG_INFORMATION_FORMAT = "dwarf-with-dsym";
				ENABLE_NS_ASSERTIONS = NO;
				ENABLE_STRICT_OBJC_MSGSEND = YES;
				GCC_C_LANGUAGE_STANDARD = gnu11;
				GCC_NO_COMMON_BLOCKS = YES;
				GCC_WARN_64_TO_32_BIT_CONVERSION = YES;
				GCC_WARN_ABOUT_RETURN_TYPE = YES_ERROR;
				GCC_WARN_UNDECLARED_SELECTOR = YES;
				GCC_WARN_UNINITIALIZED_AUTOS = YES_AGGRESSIVE;
				GCC_WARN_UNUSED_FUNCTION = YES;
				GCC_WARN_UNUSED_VARIABLE = YES;
				MTL_ENABLE_DEBUG_INFO = NO;
				MTL_FAST_MATH = YES;
				SWIFT_COMPILATION_MODE = wholemodule;
				SWIFT_OPTIMIZATION_LEVEL = "-O";
			};
			name = Release;
		};
		F7A54CE02848149700E5F565 /* Debug */ = {
			isa = XCBuildConfiguration;
			baseConfigurationReference = 34DEDF107D4BA2A7D7541968 /* Pods-Marlin.debug.xcconfig */;
			buildSettings = {
				ASSETCATALOG_COMPILER_APPICON_NAME = AppIcon;
				ASSETCATALOG_COMPILER_GLOBAL_ACCENT_COLOR_NAME = AccentColor;
				CODE_SIGN_STYLE = Automatic;
				CURRENT_PROJECT_VERSION = 1;
				DEVELOPMENT_TEAM = ZL8G5D9G2H;
				ENABLE_PREVIEWS = YES;
				GENERATE_INFOPLIST_FILE = YES;
				INFOPLIST_KEY_UIApplicationSceneManifest_Generation = YES;
				INFOPLIST_KEY_UIApplicationSupportsIndirectInputEvents = YES;
				INFOPLIST_KEY_UILaunchScreen_Generation = YES;
				INFOPLIST_KEY_UISupportedInterfaceOrientations_iPad = "UIInterfaceOrientationPortrait UIInterfaceOrientationPortraitUpsideDown UIInterfaceOrientationLandscapeLeft UIInterfaceOrientationLandscapeRight";
				INFOPLIST_KEY_UISupportedInterfaceOrientations_iPhone = "UIInterfaceOrientationPortrait UIInterfaceOrientationLandscapeLeft UIInterfaceOrientationLandscapeRight";
				IPHONEOS_DEPLOYMENT_TARGET = 15.5;
				LD_RUNPATH_SEARCH_PATHS = (
					"$(inherited)",
					"@executable_path/Frameworks",
				);
				MARKETING_VERSION = 1.0;
				PRODUCT_BUNDLE_IDENTIFIER = mil.nga.msi.Marlin;
				PRODUCT_NAME = Marlin;
				SDKROOT = iphoneos;
				SWIFT_EMIT_LOC_STRINGS = YES;
				SWIFT_VERSION = 5.0;
				TARGETED_DEVICE_FAMILY = "1,2";
			};
			name = Debug;
		};
		F7A54CE12848149700E5F565 /* Release */ = {
			isa = XCBuildConfiguration;
			baseConfigurationReference = F32BF352638699CBFE1A8D52 /* Pods-Marlin.release.xcconfig */;
			buildSettings = {
				ASSETCATALOG_COMPILER_APPICON_NAME = AppIcon;
				ASSETCATALOG_COMPILER_GLOBAL_ACCENT_COLOR_NAME = AccentColor;
				CODE_SIGN_STYLE = Automatic;
				CURRENT_PROJECT_VERSION = 1;
				DEVELOPMENT_TEAM = ZL8G5D9G2H;
				ENABLE_PREVIEWS = YES;
				GENERATE_INFOPLIST_FILE = YES;
				INFOPLIST_KEY_UIApplicationSceneManifest_Generation = YES;
				INFOPLIST_KEY_UIApplicationSupportsIndirectInputEvents = YES;
				INFOPLIST_KEY_UILaunchScreen_Generation = YES;
				INFOPLIST_KEY_UISupportedInterfaceOrientations_iPad = "UIInterfaceOrientationPortrait UIInterfaceOrientationPortraitUpsideDown UIInterfaceOrientationLandscapeLeft UIInterfaceOrientationLandscapeRight";
				INFOPLIST_KEY_UISupportedInterfaceOrientations_iPhone = "UIInterfaceOrientationPortrait UIInterfaceOrientationLandscapeLeft UIInterfaceOrientationLandscapeRight";
				IPHONEOS_DEPLOYMENT_TARGET = 15.5;
				LD_RUNPATH_SEARCH_PATHS = (
					"$(inherited)",
					"@executable_path/Frameworks",
				);
				MARKETING_VERSION = 1.0;
				PRODUCT_BUNDLE_IDENTIFIER = mil.nga.msi.Marlin;
				PRODUCT_NAME = Marlin;
				SDKROOT = iphoneos;
				SWIFT_EMIT_LOC_STRINGS = YES;
				SWIFT_VERSION = 5.0;
				TARGETED_DEVICE_FAMILY = "1,2";
				VALIDATE_PRODUCT = YES;
			};
			name = Release;
		};
		F7A54CE62848149700E5F565 /* Debug */ = {
			isa = XCBuildConfiguration;
			baseConfigurationReference = 34130942F9E50D9E7EF72632 /* Pods-Tests.debug.xcconfig */;
			buildSettings = {
				CODE_SIGN_STYLE = Automatic;
				CURRENT_PROJECT_VERSION = 1;
				DEVELOPMENT_TEAM = ZL8G5D9G2H;
				GENERATE_INFOPLIST_FILE = YES;
				IPHONEOS_DEPLOYMENT_TARGET = 15.5;
				MARKETING_VERSION = 1.0;
				PRODUCT_BUNDLE_IDENTIFIER = "mil.nga.msi.Tests-iOS";
				PRODUCT_NAME = "$(TARGET_NAME)";
				SDKROOT = iphoneos;
				SWIFT_EMIT_LOC_STRINGS = NO;
				SWIFT_VERSION = 5.0;
				TARGETED_DEVICE_FAMILY = "1,2";
				TEST_TARGET_NAME = "Marlin (iOS)";
			};
			name = Debug;
		};
		F7A54CE72848149700E5F565 /* Release */ = {
			isa = XCBuildConfiguration;
			baseConfigurationReference = F384519029FC00E3B062FD18 /* Pods-Tests.release.xcconfig */;
			buildSettings = {
				CODE_SIGN_STYLE = Automatic;
				CURRENT_PROJECT_VERSION = 1;
				DEVELOPMENT_TEAM = ZL8G5D9G2H;
				GENERATE_INFOPLIST_FILE = YES;
				IPHONEOS_DEPLOYMENT_TARGET = 15.5;
				MARKETING_VERSION = 1.0;
				PRODUCT_BUNDLE_IDENTIFIER = "mil.nga.msi.Tests-iOS";
				PRODUCT_NAME = "$(TARGET_NAME)";
				SDKROOT = iphoneos;
				SWIFT_EMIT_LOC_STRINGS = NO;
				SWIFT_VERSION = 5.0;
				TARGETED_DEVICE_FAMILY = "1,2";
				TEST_TARGET_NAME = "Marlin (iOS)";
				VALIDATE_PRODUCT = YES;
			};
			name = Release;
		};
/* End XCBuildConfiguration section */

/* Begin XCConfigurationList section */
		F7A54CA62848149500E5F565 /* Build configuration list for PBXProject "Marlin" */ = {
			isa = XCConfigurationList;
			buildConfigurations = (
				F7A54CDD2848149700E5F565 /* Debug */,
				F7A54CDE2848149700E5F565 /* Release */,
			);
			defaultConfigurationIsVisible = 0;
			defaultConfigurationName = Release;
		};
		F7A54CDF2848149700E5F565 /* Build configuration list for PBXNativeTarget "Marlin" */ = {
			isa = XCConfigurationList;
			buildConfigurations = (
				F7A54CE02848149700E5F565 /* Debug */,
				F7A54CE12848149700E5F565 /* Release */,
			);
			defaultConfigurationIsVisible = 0;
			defaultConfigurationName = Release;
		};
		F7A54CE52848149700E5F565 /* Build configuration list for PBXNativeTarget "Tests" */ = {
			isa = XCConfigurationList;
			buildConfigurations = (
				F7A54CE62848149700E5F565 /* Debug */,
				F7A54CE72848149700E5F565 /* Release */,
			);
			defaultConfigurationIsVisible = 0;
			defaultConfigurationName = Release;
		};
/* End XCConfigurationList section */

/* Begin XCVersionGroup section */
		F7A54CA82848149500E5F565 /* Marlin.xcdatamodeld */ = {
			isa = XCVersionGroup;
			children = (
				F7A54CA92848149500E5F565 /* Shared.xcdatamodel */,
			);
			currentVersion = F7A54CA92848149500E5F565 /* Shared.xcdatamodel */;
			path = Marlin.xcdatamodeld;
			sourceTree = "<group>";
			versionGroupType = wrapper.xcdatamodel;
		};
/* End XCVersionGroup section */
	};
	rootObject = F7A54CA32848149500E5F565 /* Project object */;
}
