// !$*UTF8*$!
{
	archiveVersion = 1;
	classes = {
	};
	objectVersion = 55;
	objects = {

/* Begin PBXBuildFile section */
		7982FB9B536447055E423E94 /* libPods-Marlin.a in Frameworks */ = {isa = PBXBuildFile; fileRef = 2B0F14076A8393C9747AD1FE /* libPods-Marlin.a */; };
		D7A569C784B0F2D5720432C4 /* libPods-MarlinTests.a in Frameworks */ = {isa = PBXBuildFile; fileRef = 96BF65BCD73E70E253A09CB6 /* libPods-MarlinTests.a */; };
		F71DF47E284E68DE00686951 /* asams.json in Resources */ = {isa = PBXBuildFile; fileRef = F71DF47D284E68DE00686951 /* asams.json */; };
		F71DF480284E69DC00686951 /* NSManagedObjectContext+Extensions.swift in Sources */ = {isa = PBXBuildFile; fileRef = F71DF47F284E69DC00686951 /* NSManagedObjectContext+Extensions.swift */; };
		F71DF482284E783600686951 /* TestHelper.swift in Sources */ = {isa = PBXBuildFile; fileRef = F71DF481284E783600686951 /* TestHelper.swift */; };
		F71DF4842857942D00686951 /* modus.json in Resources */ = {isa = PBXBuildFile; fileRef = F71DF4832857942D00686951 /* modus.json */; };
		F71DF4862857954A00686951 /* Modu+CoreDataClass.swift in Sources */ = {isa = PBXBuildFile; fileRef = F71DF4852857954A00686951 /* Modu+CoreDataClass.swift */; };
		F71DF4882857B0CC00686951 /* MarlinTabView.swift in Sources */ = {isa = PBXBuildFile; fileRef = F71DF4872857B0CC00686951 /* MarlinTabView.swift */; };
		F71DF48A2858BF0700686951 /* MarlinMap.swift in Sources */ = {isa = PBXBuildFile; fileRef = F71DF4892858BF0700686951 /* MarlinMap.swift */; };
		F71DF4922858C09E00686951 /* MapMixin.swift in Sources */ = {isa = PBXBuildFile; fileRef = F71DF4912858C09E00686951 /* MapMixin.swift */; };
		F71DF4942858C0EF00686951 /* StyledPolygon.swift in Sources */ = {isa = PBXBuildFile; fileRef = F71DF4932858C0EF00686951 /* StyledPolygon.swift */; };
		F71DF4962858C18000686951 /* StyledPolyline.swift in Sources */ = {isa = PBXBuildFile; fileRef = F71DF4952858C18000686951 /* StyledPolyline.swift */; };
		F71DF4972858CC8100686951 /* asams.json in Resources */ = {isa = PBXBuildFile; fileRef = F71DF47D284E68DE00686951 /* asams.json */; };
		F71DF4992858DA4700686951 /* AsamMap.swift in Sources */ = {isa = PBXBuildFile; fileRef = F71DF4982858DA4700686951 /* AsamMap.swift */; };
		F71DF49C2859025200686951 /* AsamAnnotation.swift in Sources */ = {isa = PBXBuildFile; fileRef = F71DF49B2859025200686951 /* AsamAnnotation.swift */; };
		F71DF49E285910CE00686951 /* BottomSheetEnabled.swift in Sources */ = {isa = PBXBuildFile; fileRef = F71DF49D285910CE00686951 /* BottomSheetEnabled.swift */; };
		F71DF4A02859116C00686951 /* Notifications.swift in Sources */ = {isa = PBXBuildFile; fileRef = F71DF49F2859116C00686951 /* Notifications.swift */; };
		F71DF4A3285911D700686951 /* MarlinBottomSheetViewController.swift in Sources */ = {isa = PBXBuildFile; fileRef = F71DF4A2285911D700686951 /* MarlinBottomSheetViewController.swift */; };
		F71DF4A52859120A00686951 /* BottomSheetView.swift in Sources */ = {isa = PBXBuildFile; fileRef = F71DF4A42859120A00686951 /* BottomSheetView.swift */; };
		F71DF4A7285912F600686951 /* AsamBottomSheet.swift in Sources */ = {isa = PBXBuildFile; fileRef = F71DF4A6285912F600686951 /* AsamBottomSheet.swift */; };
		F71DF4A92859143C00686951 /* UIImageExtensions.swift in Sources */ = {isa = PBXBuildFile; fileRef = F71DF4A82859143C00686951 /* UIImageExtensions.swift */; };
		F71DF4AB2859147900686951 /* UIButtonExtensions.swift in Sources */ = {isa = PBXBuildFile; fileRef = F71DF4AA2859147900686951 /* UIButtonExtensions.swift */; };
		F71DF4AD28591BA200686951 /* UIApplicationExtensions.swift in Sources */ = {isa = PBXBuildFile; fileRef = F71DF4AC28591BA200686951 /* UIApplicationExtensions.swift */; };
		F71DF4AF285927D600686951 /* MarlinScheme.swift in Sources */ = {isa = PBXBuildFile; fileRef = F71DF4AE285927D600686951 /* MarlinScheme.swift */; };
		F727A684284E351800BD728A /* MSIError.swift in Sources */ = {isa = PBXBuildFile; fileRef = F727A683284E351800BD728A /* MSIError.swift */; };
		F727A691284E605800BD728A /* MarlinTests.swift in Sources */ = {isa = PBXBuildFile; fileRef = F727A690284E605800BD728A /* MarlinTests.swift */; };
		F727A697284E606F00BD728A /* KIF+extensions.swift in Sources */ = {isa = PBXBuildFile; fileRef = F727A687284E485500BD728A /* KIF+extensions.swift */; };
		F727A698284E607100BD728A /* MSITests.swift in Sources */ = {isa = PBXBuildFile; fileRef = F727A685284E476200BD728A /* MSITests.swift */; };
		F7A54CC42848149700E5F565 /* Tests_iOS.swift in Sources */ = {isa = PBXBuildFile; fileRef = F7A54CC32848149700E5F565 /* Tests_iOS.swift */; };
		F7A54CC62848149700E5F565 /* Tests_iOSLaunchTests.swift in Sources */ = {isa = PBXBuildFile; fileRef = F7A54CC52848149700E5F565 /* Tests_iOSLaunchTests.swift */; };
		F7A54CD32848149700E5F565 /* Marlin.xcdatamodeld in Sources */ = {isa = PBXBuildFile; fileRef = F7A54CA82848149500E5F565 /* Marlin.xcdatamodeld */; };
		F7A54CD52848149700E5F565 /* MarlinApp.swift in Sources */ = {isa = PBXBuildFile; fileRef = F7A54CAA2848149500E5F565 /* MarlinApp.swift */; };
		F7A54CD72848149700E5F565 /* AsamListView.swift in Sources */ = {isa = PBXBuildFile; fileRef = F7A54CAB2848149500E5F565 /* AsamListView.swift */; };
		F7A54CD92848149700E5F565 /* Persistence.swift in Sources */ = {isa = PBXBuildFile; fileRef = F7A54CAC2848149500E5F565 /* Persistence.swift */; };
		F7A54CDB2848149700E5F565 /* Assets.xcassets in Resources */ = {isa = PBXBuildFile; fileRef = F7A54CAD2848149600E5F565 /* Assets.xcassets */; };
		F7B349132849212B00E10ABF /* Asam+CoreDataClass.swift in Sources */ = {isa = PBXBuildFile; fileRef = F7B349112849212B00E10ABF /* Asam+CoreDataClass.swift */; };
		F7F59784285A1D7200F9B32E /* AsamSummaryView.swift in Sources */ = {isa = PBXBuildFile; fileRef = F7F59783285A1D7200F9B32E /* AsamSummaryView.swift */; };
		F7F59786285A206700F9B32E /* AsamDetailView.swift in Sources */ = {isa = PBXBuildFile; fileRef = F7F59785285A206700F9B32E /* AsamDetailView.swift */; };
		F7F59789285A277000F9B32E /* Card.swift in Sources */ = {isa = PBXBuildFile; fileRef = F7F59788285A277000F9B32E /* Card.swift */; };
		F7F5978B285BA41000F9B32E /* Button.swift in Sources */ = {isa = PBXBuildFile; fileRef = F7F5978A285BA40F00F9B32E /* Button.swift */; };
		F7F5978D285BABA100F9B32E /* LatitudeLongitudeButton.swift in Sources */ = {isa = PBXBuildFile; fileRef = F7F5978C285BABA100F9B32E /* LatitudeLongitudeButton.swift */; };
		F7F59790285BACC500F9B32E /* CLLocationCoordinate2DExtensions.swift in Sources */ = {isa = PBXBuildFile; fileRef = F7F5978F285BACC500F9B32E /* CLLocationCoordinate2DExtensions.swift */; };
		F7F59795285BE27400F9B32E /* Property.swift in Sources */ = {isa = PBXBuildFile; fileRef = F7F59794285BE27400F9B32E /* Property.swift */; };
		F7F59797285D15B900F9B32E /* ModuListView.swift in Sources */ = {isa = PBXBuildFile; fileRef = F7F59796285D15B900F9B32E /* ModuListView.swift */; };
		F7F59799285D166700F9B32E /* ModuDetailView.swift in Sources */ = {isa = PBXBuildFile; fileRef = F7F59798285D166700F9B32E /* ModuDetailView.swift */; };
		F7F5979B285D177400F9B32E /* ModuAnnotation.swift in Sources */ = {isa = PBXBuildFile; fileRef = F7F5979A285D177400F9B32E /* ModuAnnotation.swift */; };
		F7F5979D285D17EE00F9B32E /* ModuSummaryView.swift in Sources */ = {isa = PBXBuildFile; fileRef = F7F5979C285D17EE00F9B32E /* ModuSummaryView.swift */; };
		F7F5979F285D185000F9B32E /* ModuMap.swift in Sources */ = {isa = PBXBuildFile; fileRef = F7F5979E285D185000F9B32E /* ModuMap.swift */; };
		F7F597A1285D189500F9B32E /* ModuBottomSheet.swift in Sources */ = {isa = PBXBuildFile; fileRef = F7F597A0285D189500F9B32E /* ModuBottomSheet.swift */; };
		F7F597A3286238F400F9B32E /* MSIMapCluster.swift in Sources */ = {isa = PBXBuildFile; fileRef = F7F597A2286238F400F9B32E /* MSIMapCluster.swift */; };
		F7FB156D284AAF1B004ACAC5 /* MSIRouter.swift in Sources */ = {isa = PBXBuildFile; fileRef = F7FB156C284AAF1B004ACAC5 /* MSIRouter.swift */; };
		F7FB156F284AB09C004ACAC5 /* MSI.swift in Sources */ = {isa = PBXBuildFile; fileRef = F7FB156E284AB09C004ACAC5 /* MSI.swift */; };
/* End PBXBuildFile section */

/* Begin PBXContainerItemProxy section */
		F727A692284E605800BD728A /* PBXContainerItemProxy */ = {
			isa = PBXContainerItemProxy;
			containerPortal = F7A54CA32848149500E5F565 /* Project object */;
			proxyType = 1;
			remoteGlobalIDString = F7A54CB12848149700E5F565;
			remoteInfo = Marlin;
		};
		F7A54CC02848149700E5F565 /* PBXContainerItemProxy */ = {
			isa = PBXContainerItemProxy;
			containerPortal = F7A54CA32848149500E5F565 /* Project object */;
			proxyType = 1;
			remoteGlobalIDString = F7A54CB12848149700E5F565;
			remoteInfo = "Marlin (iOS)";
		};
/* End PBXContainerItemProxy section */

/* Begin PBXFileReference section */
		2B0F14076A8393C9747AD1FE /* libPods-Marlin.a */ = {isa = PBXFileReference; explicitFileType = archive.ar; includeInIndex = 0; path = "libPods-Marlin.a"; sourceTree = BUILT_PRODUCTS_DIR; };
		3314854FB4F71C576357EF47 /* Pods-MarlinTests.debug.xcconfig */ = {isa = PBXFileReference; includeInIndex = 1; lastKnownFileType = text.xcconfig; name = "Pods-MarlinTests.debug.xcconfig"; path = "Target Support Files/Pods-MarlinTests/Pods-MarlinTests.debug.xcconfig"; sourceTree = "<group>"; };
		34DEDF107D4BA2A7D7541968 /* Pods-Marlin.debug.xcconfig */ = {isa = PBXFileReference; includeInIndex = 1; lastKnownFileType = text.xcconfig; name = "Pods-Marlin.debug.xcconfig"; path = "Target Support Files/Pods-Marlin/Pods-Marlin.debug.xcconfig"; sourceTree = "<group>"; };
		96BF65BCD73E70E253A09CB6 /* libPods-MarlinTests.a */ = {isa = PBXFileReference; explicitFileType = archive.ar; includeInIndex = 0; path = "libPods-MarlinTests.a"; sourceTree = BUILT_PRODUCTS_DIR; };
		C95BD18A52FCC50ED2ED6E21 /* Pods-MarlinTests.release.xcconfig */ = {isa = PBXFileReference; includeInIndex = 1; lastKnownFileType = text.xcconfig; name = "Pods-MarlinTests.release.xcconfig"; path = "Target Support Files/Pods-MarlinTests/Pods-MarlinTests.release.xcconfig"; sourceTree = "<group>"; };
		F32BF352638699CBFE1A8D52 /* Pods-Marlin.release.xcconfig */ = {isa = PBXFileReference; includeInIndex = 1; lastKnownFileType = text.xcconfig; name = "Pods-Marlin.release.xcconfig"; path = "Target Support Files/Pods-Marlin/Pods-Marlin.release.xcconfig"; sourceTree = "<group>"; };
		F71DF47D284E68DE00686951 /* asams.json */ = {isa = PBXFileReference; lastKnownFileType = text.json; path = asams.json; sourceTree = "<group>"; };
		F71DF47F284E69DC00686951 /* NSManagedObjectContext+Extensions.swift */ = {isa = PBXFileReference; lastKnownFileType = sourcecode.swift; path = "NSManagedObjectContext+Extensions.swift"; sourceTree = "<group>"; };
		F71DF481284E783600686951 /* TestHelper.swift */ = {isa = PBXFileReference; lastKnownFileType = sourcecode.swift; path = TestHelper.swift; sourceTree = "<group>"; };
		F71DF4832857942D00686951 /* modus.json */ = {isa = PBXFileReference; lastKnownFileType = text.json; path = modus.json; sourceTree = "<group>"; };
		F71DF4852857954A00686951 /* Modu+CoreDataClass.swift */ = {isa = PBXFileReference; lastKnownFileType = sourcecode.swift; path = "Modu+CoreDataClass.swift"; sourceTree = "<group>"; };
		F71DF4872857B0CC00686951 /* MarlinTabView.swift */ = {isa = PBXFileReference; lastKnownFileType = sourcecode.swift; path = MarlinTabView.swift; sourceTree = "<group>"; };
		F71DF4892858BF0700686951 /* MarlinMap.swift */ = {isa = PBXFileReference; lastKnownFileType = sourcecode.swift; path = MarlinMap.swift; sourceTree = "<group>"; };
		F71DF4912858C09E00686951 /* MapMixin.swift */ = {isa = PBXFileReference; lastKnownFileType = sourcecode.swift; path = MapMixin.swift; sourceTree = "<group>"; };
		F71DF4932858C0EF00686951 /* StyledPolygon.swift */ = {isa = PBXFileReference; lastKnownFileType = sourcecode.swift; path = StyledPolygon.swift; sourceTree = "<group>"; };
		F71DF4952858C18000686951 /* StyledPolyline.swift */ = {isa = PBXFileReference; lastKnownFileType = sourcecode.swift; path = StyledPolyline.swift; sourceTree = "<group>"; };
		F71DF4982858DA4700686951 /* AsamMap.swift */ = {isa = PBXFileReference; lastKnownFileType = sourcecode.swift; path = AsamMap.swift; sourceTree = "<group>"; };
		F71DF49B2859025200686951 /* AsamAnnotation.swift */ = {isa = PBXFileReference; lastKnownFileType = sourcecode.swift; path = AsamAnnotation.swift; sourceTree = "<group>"; };
		F71DF49D285910CE00686951 /* BottomSheetEnabled.swift */ = {isa = PBXFileReference; lastKnownFileType = sourcecode.swift; path = BottomSheetEnabled.swift; sourceTree = "<group>"; };
		F71DF49F2859116C00686951 /* Notifications.swift */ = {isa = PBXFileReference; lastKnownFileType = sourcecode.swift; path = Notifications.swift; sourceTree = "<group>"; };
		F71DF4A2285911D700686951 /* MarlinBottomSheetViewController.swift */ = {isa = PBXFileReference; lastKnownFileType = sourcecode.swift; path = MarlinBottomSheetViewController.swift; sourceTree = "<group>"; };
		F71DF4A42859120A00686951 /* BottomSheetView.swift */ = {isa = PBXFileReference; lastKnownFileType = sourcecode.swift; path = BottomSheetView.swift; sourceTree = "<group>"; };
		F71DF4A6285912F600686951 /* AsamBottomSheet.swift */ = {isa = PBXFileReference; lastKnownFileType = sourcecode.swift; path = AsamBottomSheet.swift; sourceTree = "<group>"; };
		F71DF4A82859143C00686951 /* UIImageExtensions.swift */ = {isa = PBXFileReference; lastKnownFileType = sourcecode.swift; path = UIImageExtensions.swift; sourceTree = "<group>"; };
		F71DF4AA2859147900686951 /* UIButtonExtensions.swift */ = {isa = PBXFileReference; lastKnownFileType = sourcecode.swift; path = UIButtonExtensions.swift; sourceTree = "<group>"; };
		F71DF4AC28591BA200686951 /* UIApplicationExtensions.swift */ = {isa = PBXFileReference; lastKnownFileType = sourcecode.swift; path = UIApplicationExtensions.swift; sourceTree = "<group>"; };
		F71DF4AE285927D600686951 /* MarlinScheme.swift */ = {isa = PBXFileReference; lastKnownFileType = sourcecode.swift; path = MarlinScheme.swift; sourceTree = "<group>"; };
		F727A682284E29AE00BD728A /* Info.plist */ = {isa = PBXFileReference; lastKnownFileType = text.plist; path = Info.plist; sourceTree = "<group>"; };
		F727A683284E351800BD728A /* MSIError.swift */ = {isa = PBXFileReference; lastKnownFileType = sourcecode.swift; path = MSIError.swift; sourceTree = "<group>"; };
		F727A685284E476200BD728A /* MSITests.swift */ = {isa = PBXFileReference; lastKnownFileType = sourcecode.swift; path = MSITests.swift; sourceTree = "<group>"; };
		F727A687284E485500BD728A /* KIF+extensions.swift */ = {isa = PBXFileReference; lastKnownFileType = sourcecode.swift; path = "KIF+extensions.swift"; sourceTree = "<group>"; };
		F727A689284E5F9600BD728A /* Marlin-Bridging-Header.h */ = {isa = PBXFileReference; lastKnownFileType = sourcecode.c.h; path = "Marlin-Bridging-Header.h"; sourceTree = "<group>"; };
		F727A68E284E605800BD728A /* MarlinTests.xctest */ = {isa = PBXFileReference; explicitFileType = wrapper.cfbundle; includeInIndex = 0; path = MarlinTests.xctest; sourceTree = BUILT_PRODUCTS_DIR; };
		F727A690284E605800BD728A /* MarlinTests.swift */ = {isa = PBXFileReference; lastKnownFileType = sourcecode.swift; path = MarlinTests.swift; sourceTree = "<group>"; };
		F7A54CA92848149500E5F565 /* Shared.xcdatamodel */ = {isa = PBXFileReference; lastKnownFileType = wrapper.xcdatamodel; path = Shared.xcdatamodel; sourceTree = "<group>"; };
		F7A54CAA2848149500E5F565 /* MarlinApp.swift */ = {isa = PBXFileReference; lastKnownFileType = sourcecode.swift; path = MarlinApp.swift; sourceTree = "<group>"; };
		F7A54CAB2848149500E5F565 /* AsamListView.swift */ = {isa = PBXFileReference; lastKnownFileType = sourcecode.swift; path = AsamListView.swift; sourceTree = "<group>"; };
		F7A54CAC2848149500E5F565 /* Persistence.swift */ = {isa = PBXFileReference; lastKnownFileType = sourcecode.swift; path = Persistence.swift; sourceTree = "<group>"; };
		F7A54CAD2848149600E5F565 /* Assets.xcassets */ = {isa = PBXFileReference; lastKnownFileType = folder.assetcatalog; path = Assets.xcassets; sourceTree = "<group>"; };
		F7A54CB22848149700E5F565 /* Marlin.app */ = {isa = PBXFileReference; explicitFileType = wrapper.application; includeInIndex = 0; path = Marlin.app; sourceTree = BUILT_PRODUCTS_DIR; };
		F7A54CBF2848149700E5F565 /* Tests.xctest */ = {isa = PBXFileReference; explicitFileType = wrapper.cfbundle; includeInIndex = 0; path = Tests.xctest; sourceTree = BUILT_PRODUCTS_DIR; };
		F7A54CC32848149700E5F565 /* Tests_iOS.swift */ = {isa = PBXFileReference; lastKnownFileType = sourcecode.swift; path = Tests_iOS.swift; sourceTree = "<group>"; };
		F7A54CC52848149700E5F565 /* Tests_iOSLaunchTests.swift */ = {isa = PBXFileReference; lastKnownFileType = sourcecode.swift; path = Tests_iOSLaunchTests.swift; sourceTree = "<group>"; };
		F7B349112849212B00E10ABF /* Asam+CoreDataClass.swift */ = {isa = PBXFileReference; lastKnownFileType = sourcecode.swift; path = "Asam+CoreDataClass.swift"; sourceTree = "<group>"; };
		F7F59783285A1D7200F9B32E /* AsamSummaryView.swift */ = {isa = PBXFileReference; lastKnownFileType = sourcecode.swift; path = AsamSummaryView.swift; sourceTree = "<group>"; };
		F7F59785285A206700F9B32E /* AsamDetailView.swift */ = {isa = PBXFileReference; lastKnownFileType = sourcecode.swift; path = AsamDetailView.swift; sourceTree = "<group>"; };
		F7F59788285A277000F9B32E /* Card.swift */ = {isa = PBXFileReference; lastKnownFileType = sourcecode.swift; path = Card.swift; sourceTree = "<group>"; };
		F7F5978A285BA40F00F9B32E /* Button.swift */ = {isa = PBXFileReference; lastKnownFileType = sourcecode.swift; path = Button.swift; sourceTree = "<group>"; };
		F7F5978C285BABA100F9B32E /* LatitudeLongitudeButton.swift */ = {isa = PBXFileReference; lastKnownFileType = sourcecode.swift; path = LatitudeLongitudeButton.swift; sourceTree = "<group>"; };
		F7F5978F285BACC500F9B32E /* CLLocationCoordinate2DExtensions.swift */ = {isa = PBXFileReference; lastKnownFileType = sourcecode.swift; path = CLLocationCoordinate2DExtensions.swift; sourceTree = "<group>"; };
		F7F59794285BE27400F9B32E /* Property.swift */ = {isa = PBXFileReference; lastKnownFileType = sourcecode.swift; path = Property.swift; sourceTree = "<group>"; };
		F7F59796285D15B900F9B32E /* ModuListView.swift */ = {isa = PBXFileReference; lastKnownFileType = sourcecode.swift; path = ModuListView.swift; sourceTree = "<group>"; };
		F7F59798285D166700F9B32E /* ModuDetailView.swift */ = {isa = PBXFileReference; lastKnownFileType = sourcecode.swift; path = ModuDetailView.swift; sourceTree = "<group>"; };
		F7F5979A285D177400F9B32E /* ModuAnnotation.swift */ = {isa = PBXFileReference; lastKnownFileType = sourcecode.swift; path = ModuAnnotation.swift; sourceTree = "<group>"; };
		F7F5979C285D17EE00F9B32E /* ModuSummaryView.swift */ = {isa = PBXFileReference; lastKnownFileType = sourcecode.swift; path = ModuSummaryView.swift; sourceTree = "<group>"; };
		F7F5979E285D185000F9B32E /* ModuMap.swift */ = {isa = PBXFileReference; lastKnownFileType = sourcecode.swift; path = ModuMap.swift; sourceTree = "<group>"; };
		F7F597A0285D189500F9B32E /* ModuBottomSheet.swift */ = {isa = PBXFileReference; lastKnownFileType = sourcecode.swift; path = ModuBottomSheet.swift; sourceTree = "<group>"; };
		F7F597A2286238F400F9B32E /* MSIMapCluster.swift */ = {isa = PBXFileReference; lastKnownFileType = sourcecode.swift; path = MSIMapCluster.swift; sourceTree = "<group>"; };
		F7FB156C284AAF1B004ACAC5 /* MSIRouter.swift */ = {isa = PBXFileReference; lastKnownFileType = sourcecode.swift; path = MSIRouter.swift; sourceTree = "<group>"; };
		F7FB156E284AB09C004ACAC5 /* MSI.swift */ = {isa = PBXFileReference; lastKnownFileType = sourcecode.swift; path = MSI.swift; sourceTree = "<group>"; };
/* End PBXFileReference section */

/* Begin PBXFrameworksBuildPhase section */
		F727A68B284E605800BD728A /* Frameworks */ = {
			isa = PBXFrameworksBuildPhase;
			buildActionMask = 2147483647;
			files = (
				D7A569C784B0F2D5720432C4 /* libPods-MarlinTests.a in Frameworks */,
			);
			runOnlyForDeploymentPostprocessing = 0;
		};
		F7A54CAF2848149700E5F565 /* Frameworks */ = {
			isa = PBXFrameworksBuildPhase;
			buildActionMask = 2147483647;
			files = (
				7982FB9B536447055E423E94 /* libPods-Marlin.a in Frameworks */,
			);
			runOnlyForDeploymentPostprocessing = 0;
		};
		F7A54CBC2848149700E5F565 /* Frameworks */ = {
			isa = PBXFrameworksBuildPhase;
			buildActionMask = 2147483647;
			files = (
			);
			runOnlyForDeploymentPostprocessing = 0;
		};
/* End PBXFrameworksBuildPhase section */

/* Begin PBXGroup section */
		1CC5D4AD4FF5E1519B884B5D /* Frameworks */ = {
			isa = PBXGroup;
			children = (
				2B0F14076A8393C9747AD1FE /* libPods-Marlin.a */,
				96BF65BCD73E70E253A09CB6 /* libPods-MarlinTests.a */,
			);
			name = Frameworks;
			sourceTree = "<group>";
		};
		BC66EBA07E9373D21DB95518 /* Pods */ = {
			isa = PBXGroup;
			children = (
				34DEDF107D4BA2A7D7541968 /* Pods-Marlin.debug.xcconfig */,
				F32BF352638699CBFE1A8D52 /* Pods-Marlin.release.xcconfig */,
				3314854FB4F71C576357EF47 /* Pods-MarlinTests.debug.xcconfig */,
				C95BD18A52FCC50ED2ED6E21 /* Pods-MarlinTests.release.xcconfig */,
			);
			path = Pods;
			sourceTree = "<group>";
		};
		F71DF47C284E68C200686951 /* responses */ = {
			isa = PBXGroup;
			children = (
				F71DF47D284E68DE00686951 /* asams.json */,
				F71DF4832857942D00686951 /* modus.json */,
			);
			path = responses;
			sourceTree = "<group>";
		};
		F71DF48B2858BF7B00686951 /* Map */ = {
			isa = PBXGroup;
			children = (
				F71DF49A2859022B00686951 /* Annotation */,
				F71DF48C2858BF9200686951 /* Mixins */,
				F71DF4892858BF0700686951 /* MarlinMap.swift */,
				F71DF4932858C0EF00686951 /* StyledPolygon.swift */,
				F71DF4952858C18000686951 /* StyledPolyline.swift */,
				F7F597A2286238F400F9B32E /* MSIMapCluster.swift */,
			);
			path = Map;
			sourceTree = "<group>";
		};
		F71DF48C2858BF9200686951 /* Mixins */ = {
			isa = PBXGroup;
			children = (
				F71DF4912858C09E00686951 /* MapMixin.swift */,
				F71DF49D285910CE00686951 /* BottomSheetEnabled.swift */,
			);
			path = Mixins;
			sourceTree = "<group>";
		};
		F71DF49A2859022B00686951 /* Annotation */ = {
			isa = PBXGroup;
			children = (
			);
			path = Annotation;
			sourceTree = "<group>";
		};
		F71DF4A1285911BE00686951 /* BottomSheets */ = {
			isa = PBXGroup;
			children = (
				F71DF4A2285911D700686951 /* MarlinBottomSheetViewController.swift */,
				F71DF4A42859120A00686951 /* BottomSheetView.swift */,
			);
			path = BottomSheets;
			sourceTree = "<group>";
		};
		F727A68F284E605800BD728A /* MarlinTests */ = {
			isa = PBXGroup;
			children = (
				F71DF47C284E68C200686951 /* responses */,
				F727A689284E5F9600BD728A /* Marlin-Bridging-Header.h */,
				F727A685284E476200BD728A /* MSITests.swift */,
				F727A687284E485500BD728A /* KIF+extensions.swift */,
				F727A690284E605800BD728A /* MarlinTests.swift */,
				F71DF481284E783600686951 /* TestHelper.swift */,
			);
			path = MarlinTests;
			sourceTree = "<group>";
		};
		F7A54CA22848149500E5F565 = {
			isa = PBXGroup;
			children = (
				F7A54CA72848149500E5F565 /* Marlin */,
				F7A54CC22848149700E5F565 /* Tests iOS */,
				F727A68F284E605800BD728A /* MarlinTests */,
				F7A54CB32848149700E5F565 /* Products */,
				BC66EBA07E9373D21DB95518 /* Pods */,
				1CC5D4AD4FF5E1519B884B5D /* Frameworks */,
			);
			sourceTree = "<group>";
		};
		F7A54CA72848149500E5F565 /* Marlin */ = {
			isa = PBXGroup;
			children = (
				F7F59793285BE23F00F9B32E /* Views */,
				F7F5978E285BACAE00F9B32E /* Extensions */,
				F7F59787285A275200F9B32E /* MaterialComponents */,
				F7F59780285A1B6000F9B32E /* MODU */,
				F7F5977F285A1B2400F9B32E /* ASAM */,
				F71DF4A1285911BE00686951 /* BottomSheets */,
				F71DF48B2858BF7B00686951 /* Map */,
				F727A682284E29AE00BD728A /* Info.plist */,
				F7FB156B284AAE3C004ACAC5 /* Networking */,
				F7B3490828491D6200E10ABF /* CoreData */,
				F7A54CAA2848149500E5F565 /* MarlinApp.swift */,
				F7A54CAC2848149500E5F565 /* Persistence.swift */,
				F7A54CAD2848149600E5F565 /* Assets.xcassets */,
				F7A54CA82848149500E5F565 /* Marlin.xcdatamodeld */,
				F71DF4872857B0CC00686951 /* MarlinTabView.swift */,
				F71DF49F2859116C00686951 /* Notifications.swift */,
				F71DF4AE285927D600686951 /* MarlinScheme.swift */,
			);
			path = Marlin;
			sourceTree = "<group>";
		};
		F7A54CB32848149700E5F565 /* Products */ = {
			isa = PBXGroup;
			children = (
				F7A54CB22848149700E5F565 /* Marlin.app */,
				F7A54CBF2848149700E5F565 /* Tests.xctest */,
				F727A68E284E605800BD728A /* MarlinTests.xctest */,
			);
			name = Products;
			sourceTree = "<group>";
		};
		F7A54CC22848149700E5F565 /* Tests iOS */ = {
			isa = PBXGroup;
			children = (
				F7A54CC32848149700E5F565 /* Tests_iOS.swift */,
				F7A54CC52848149700E5F565 /* Tests_iOSLaunchTests.swift */,
			);
			path = "Tests iOS";
			sourceTree = "<group>";
		};
		F7B3490828491D6200E10ABF /* CoreData */ = {
			isa = PBXGroup;
			children = (
				F71DF47F284E69DC00686951 /* NSManagedObjectContext+Extensions.swift */,
			);
			path = CoreData;
			sourceTree = "<group>";
		};
		F7F5977F285A1B2400F9B32E /* ASAM */ = {
			isa = PBXGroup;
			children = (
				F7A54CAB2848149500E5F565 /* AsamListView.swift */,
				F71DF4A6285912F600686951 /* AsamBottomSheet.swift */,
				F71DF4982858DA4700686951 /* AsamMap.swift */,
				F71DF49B2859025200686951 /* AsamAnnotation.swift */,
				F7B349112849212B00E10ABF /* Asam+CoreDataClass.swift */,
				F7F59783285A1D7200F9B32E /* AsamSummaryView.swift */,
				F7F59785285A206700F9B32E /* AsamDetailView.swift */,
			);
			path = ASAM;
			sourceTree = "<group>";
		};
		F7F59780285A1B6000F9B32E /* MODU */ = {
			isa = PBXGroup;
			children = (
				F71DF4852857954A00686951 /* Modu+CoreDataClass.swift */,
				F7F59796285D15B900F9B32E /* ModuListView.swift */,
				F7F59798285D166700F9B32E /* ModuDetailView.swift */,
				F7F5979A285D177400F9B32E /* ModuAnnotation.swift */,
				F7F5979C285D17EE00F9B32E /* ModuSummaryView.swift */,
				F7F5979E285D185000F9B32E /* ModuMap.swift */,
				F7F597A0285D189500F9B32E /* ModuBottomSheet.swift */,
			);
			path = MODU;
			sourceTree = "<group>";
		};
		F7F59787285A275200F9B32E /* MaterialComponents */ = {
			isa = PBXGroup;
			children = (
				F7F59788285A277000F9B32E /* Card.swift */,
				F7F5978A285BA40F00F9B32E /* Button.swift */,
			);
			path = MaterialComponents;
			sourceTree = "<group>";
		};
		F7F5978E285BACAE00F9B32E /* Extensions */ = {
			isa = PBXGroup;
			children = (
				F71DF4A82859143C00686951 /* UIImageExtensions.swift */,
				F71DF4AA2859147900686951 /* UIButtonExtensions.swift */,
				F71DF4AC28591BA200686951 /* UIApplicationExtensions.swift */,
				F7F5978F285BACC500F9B32E /* CLLocationCoordinate2DExtensions.swift */,
			);
			path = Extensions;
			sourceTree = "<group>";
		};
		F7F59793285BE23F00F9B32E /* Views */ = {
			isa = PBXGroup;
			children = (
				F7F5978C285BABA100F9B32E /* LatitudeLongitudeButton.swift */,
				F7F59794285BE27400F9B32E /* Property.swift */,
			);
			path = Views;
			sourceTree = "<group>";
		};
		F7FB156B284AAE3C004ACAC5 /* Networking */ = {
			isa = PBXGroup;
			children = (
				F7FB156C284AAF1B004ACAC5 /* MSIRouter.swift */,
				F7FB156E284AB09C004ACAC5 /* MSI.swift */,
				F727A683284E351800BD728A /* MSIError.swift */,
			);
			path = Networking;
			sourceTree = "<group>";
		};
/* End PBXGroup section */

/* Begin PBXNativeTarget section */
		F727A68D284E605800BD728A /* MarlinTests */ = {
			isa = PBXNativeTarget;
			buildConfigurationList = F727A694284E605800BD728A /* Build configuration list for PBXNativeTarget "MarlinTests" */;
			buildPhases = (
				DED18A34B51E62C55C796ACE /* [CP] Check Pods Manifest.lock */,
				F727A68A284E605800BD728A /* Sources */,
				F727A68B284E605800BD728A /* Frameworks */,
				F727A68C284E605800BD728A /* Resources */,
				649CD5867C6E32651BCB5385 /* [CP] Copy Pods Resources */,
			);
			buildRules = (
			);
			dependencies = (
				F727A693284E605800BD728A /* PBXTargetDependency */,
			);
			name = MarlinTests;
			productName = MarlinTests;
			productReference = F727A68E284E605800BD728A /* MarlinTests.xctest */;
			productType = "com.apple.product-type.bundle.unit-test";
		};
		F7A54CB12848149700E5F565 /* Marlin */ = {
			isa = PBXNativeTarget;
			buildConfigurationList = F7A54CDF2848149700E5F565 /* Build configuration list for PBXNativeTarget "Marlin" */;
			buildPhases = (
				BB1C8A177E30776D268E702C /* [CP] Check Pods Manifest.lock */,
				F7A54CAE2848149700E5F565 /* Sources */,
				F7A54CAF2848149700E5F565 /* Frameworks */,
				F7A54CB02848149700E5F565 /* Resources */,
				A9BE0339705748846E8518E1 /* [CP] Copy Pods Resources */,
			);
			buildRules = (
			);
			dependencies = (
			);
			name = Marlin;
			productName = "Marlin (iOS)";
			productReference = F7A54CB22848149700E5F565 /* Marlin.app */;
			productType = "com.apple.product-type.application";
		};
		F7A54CBE2848149700E5F565 /* Tests */ = {
			isa = PBXNativeTarget;
			buildConfigurationList = F7A54CE52848149700E5F565 /* Build configuration list for PBXNativeTarget "Tests" */;
			buildPhases = (
				F7A54CBB2848149700E5F565 /* Sources */,
				F7A54CBC2848149700E5F565 /* Frameworks */,
				F7A54CBD2848149700E5F565 /* Resources */,
			);
			buildRules = (
			);
			dependencies = (
				F7A54CC12848149700E5F565 /* PBXTargetDependency */,
			);
			name = Tests;
			productName = "Tests iOS";
			productReference = F7A54CBF2848149700E5F565 /* Tests.xctest */;
			productType = "com.apple.product-type.bundle.ui-testing";
		};
/* End PBXNativeTarget section */

/* Begin PBXProject section */
		F7A54CA32848149500E5F565 /* Project object */ = {
			isa = PBXProject;
			attributes = {
				BuildIndependentTargetsInParallel = 1;
				LastSwiftUpdateCheck = 1340;
				LastUpgradeCheck = 1340;
				TargetAttributes = {
					F727A68D284E605800BD728A = {
						CreatedOnToolsVersion = 13.4.1;
						TestTargetID = F7A54CB12848149700E5F565;
					};
					F7A54CB12848149700E5F565 = {
						CreatedOnToolsVersion = 13.4;
					};
					F7A54CBE2848149700E5F565 = {
						CreatedOnToolsVersion = 13.4;
						TestTargetID = F7A54CB12848149700E5F565;
					};
				};
			};
			buildConfigurationList = F7A54CA62848149500E5F565 /* Build configuration list for PBXProject "Marlin" */;
			compatibilityVersion = "Xcode 13.0";
			developmentRegion = en;
			hasScannedForEncodings = 0;
			knownRegions = (
				en,
				Base,
			);
			mainGroup = F7A54CA22848149500E5F565;
			productRefGroup = F7A54CB32848149700E5F565 /* Products */;
			projectDirPath = "";
			projectRoot = "";
			targets = (
				F7A54CB12848149700E5F565 /* Marlin */,
				F7A54CBE2848149700E5F565 /* Tests */,
				F727A68D284E605800BD728A /* MarlinTests */,
			);
		};
/* End PBXProject section */

/* Begin PBXResourcesBuildPhase section */
		F727A68C284E605800BD728A /* Resources */ = {
			isa = PBXResourcesBuildPhase;
			buildActionMask = 2147483647;
			files = (
				F71DF4842857942D00686951 /* modus.json in Resources */,
				F71DF47E284E68DE00686951 /* asams.json in Resources */,
			);
			runOnlyForDeploymentPostprocessing = 0;
		};
		F7A54CB02848149700E5F565 /* Resources */ = {
			isa = PBXResourcesBuildPhase;
			buildActionMask = 2147483647;
			files = (
				F7A54CDB2848149700E5F565 /* Assets.xcassets in Resources */,
				F71DF4972858CC8100686951 /* asams.json in Resources */,
			);
			runOnlyForDeploymentPostprocessing = 0;
		};
		F7A54CBD2848149700E5F565 /* Resources */ = {
			isa = PBXResourcesBuildPhase;
			buildActionMask = 2147483647;
			files = (
			);
			runOnlyForDeploymentPostprocessing = 0;
		};
/* End PBXResourcesBuildPhase section */

/* Begin PBXShellScriptBuildPhase section */
		649CD5867C6E32651BCB5385 /* [CP] Copy Pods Resources */ = {
			isa = PBXShellScriptBuildPhase;
			buildActionMask = 2147483647;
			files = (
			);
			inputFileListPaths = (
				"${PODS_ROOT}/Target Support Files/Pods-MarlinTests/Pods-MarlinTests-resources-${CONFIGURATION}-input-files.xcfilelist",
			);
			name = "[CP] Copy Pods Resources";
			outputFileListPaths = (
				"${PODS_ROOT}/Target Support Files/Pods-MarlinTests/Pods-MarlinTests-resources-${CONFIGURATION}-output-files.xcfilelist",
			);
			runOnlyForDeploymentPostprocessing = 0;
			shellPath = /bin/sh;
			shellScript = "\"${PODS_ROOT}/Target Support Files/Pods-MarlinTests/Pods-MarlinTests-resources.sh\"\n";
			showEnvVarsInLog = 0;
		};
		A9BE0339705748846E8518E1 /* [CP] Copy Pods Resources */ = {
			isa = PBXShellScriptBuildPhase;
			buildActionMask = 2147483647;
			files = (
			);
			inputFileListPaths = (
				"${PODS_ROOT}/Target Support Files/Pods-Marlin/Pods-Marlin-resources-${CONFIGURATION}-input-files.xcfilelist",
			);
			name = "[CP] Copy Pods Resources";
			outputFileListPaths = (
				"${PODS_ROOT}/Target Support Files/Pods-Marlin/Pods-Marlin-resources-${CONFIGURATION}-output-files.xcfilelist",
			);
			runOnlyForDeploymentPostprocessing = 0;
			shellPath = /bin/sh;
			shellScript = "\"${PODS_ROOT}/Target Support Files/Pods-Marlin/Pods-Marlin-resources.sh\"\n";
			showEnvVarsInLog = 0;
		};
		BB1C8A177E30776D268E702C /* [CP] Check Pods Manifest.lock */ = {
			isa = PBXShellScriptBuildPhase;
			buildActionMask = 2147483647;
			files = (
			);
			inputFileListPaths = (
			);
			inputPaths = (
				"${PODS_PODFILE_DIR_PATH}/Podfile.lock",
				"${PODS_ROOT}/Manifest.lock",
			);
			name = "[CP] Check Pods Manifest.lock";
			outputFileListPaths = (
			);
			outputPaths = (
				"$(DERIVED_FILE_DIR)/Pods-Marlin-checkManifestLockResult.txt",
			);
			runOnlyForDeploymentPostprocessing = 0;
			shellPath = /bin/sh;
			shellScript = "diff \"${PODS_PODFILE_DIR_PATH}/Podfile.lock\" \"${PODS_ROOT}/Manifest.lock\" > /dev/null\nif [ $? != 0 ] ; then\n    # print error to STDERR\n    echo \"error: The sandbox is not in sync with the Podfile.lock. Run 'pod install' or update your CocoaPods installation.\" >&2\n    exit 1\nfi\n# This output is used by Xcode 'outputs' to avoid re-running this script phase.\necho \"SUCCESS\" > \"${SCRIPT_OUTPUT_FILE_0}\"\n";
			showEnvVarsInLog = 0;
		};
		DED18A34B51E62C55C796ACE /* [CP] Check Pods Manifest.lock */ = {
			isa = PBXShellScriptBuildPhase;
			buildActionMask = 2147483647;
			files = (
			);
			inputFileListPaths = (
			);
			inputPaths = (
				"${PODS_PODFILE_DIR_PATH}/Podfile.lock",
				"${PODS_ROOT}/Manifest.lock",
			);
			name = "[CP] Check Pods Manifest.lock";
			outputFileListPaths = (
			);
			outputPaths = (
				"$(DERIVED_FILE_DIR)/Pods-MarlinTests-checkManifestLockResult.txt",
			);
			runOnlyForDeploymentPostprocessing = 0;
			shellPath = /bin/sh;
			shellScript = "diff \"${PODS_PODFILE_DIR_PATH}/Podfile.lock\" \"${PODS_ROOT}/Manifest.lock\" > /dev/null\nif [ $? != 0 ] ; then\n    # print error to STDERR\n    echo \"error: The sandbox is not in sync with the Podfile.lock. Run 'pod install' or update your CocoaPods installation.\" >&2\n    exit 1\nfi\n# This output is used by Xcode 'outputs' to avoid re-running this script phase.\necho \"SUCCESS\" > \"${SCRIPT_OUTPUT_FILE_0}\"\n";
			showEnvVarsInLog = 0;
		};
/* End PBXShellScriptBuildPhase section */

/* Begin PBXSourcesBuildPhase section */
		F727A68A284E605800BD728A /* Sources */ = {
			isa = PBXSourcesBuildPhase;
			buildActionMask = 2147483647;
			files = (
				F727A698284E607100BD728A /* MSITests.swift in Sources */,
				F727A697284E606F00BD728A /* KIF+extensions.swift in Sources */,
				F727A691284E605800BD728A /* MarlinTests.swift in Sources */,
				F71DF482284E783600686951 /* TestHelper.swift in Sources */,
			);
			runOnlyForDeploymentPostprocessing = 0;
		};
		F7A54CAE2848149700E5F565 /* Sources */ = {
			isa = PBXSourcesBuildPhase;
			buildActionMask = 2147483647;
			files = (
				F71DF49E285910CE00686951 /* BottomSheetEnabled.swift in Sources */,
				F71DF4882857B0CC00686951 /* MarlinTabView.swift in Sources */,
				F7F59799285D166700F9B32E /* ModuDetailView.swift in Sources */,
				F7F59786285A206700F9B32E /* AsamDetailView.swift in Sources */,
				F7B349132849212B00E10ABF /* Asam+CoreDataClass.swift in Sources */,
				F71DF4922858C09E00686951 /* MapMixin.swift in Sources */,
				F7F5978B285BA41000F9B32E /* Button.swift in Sources */,
				F7A54CD52848149700E5F565 /* MarlinApp.swift in Sources */,
				F7F59790285BACC500F9B32E /* CLLocationCoordinate2DExtensions.swift in Sources */,
				F71DF4862857954A00686951 /* Modu+CoreDataClass.swift in Sources */,
				F7F59789285A277000F9B32E /* Card.swift in Sources */,
				F71DF480284E69DC00686951 /* NSManagedObjectContext+Extensions.swift in Sources */,
				F71DF4AB2859147900686951 /* UIButtonExtensions.swift in Sources */,
				F7A54CD92848149700E5F565 /* Persistence.swift in Sources */,
				F71DF4AF285927D600686951 /* MarlinScheme.swift in Sources */,
				F71DF4A7285912F600686951 /* AsamBottomSheet.swift in Sources */,
				F71DF4A3285911D700686951 /* MarlinBottomSheetViewController.swift in Sources */,
				F7F5979B285D177400F9B32E /* ModuAnnotation.swift in Sources */,
				F7A54CD32848149700E5F565 /* Marlin.xcdatamodeld in Sources */,
				F7F597A1285D189500F9B32E /* ModuBottomSheet.swift in Sources */,
				F71DF4992858DA4700686951 /* AsamMap.swift in Sources */,
				F727A684284E351800BD728A /* MSIError.swift in Sources */,
				F71DF4AD28591BA200686951 /* UIApplicationExtensions.swift in Sources */,
				F7F5979F285D185000F9B32E /* ModuMap.swift in Sources */,
				F7F59795285BE27400F9B32E /* Property.swift in Sources */,
				F71DF4962858C18000686951 /* StyledPolyline.swift in Sources */,
				F71DF4A52859120A00686951 /* BottomSheetView.swift in Sources */,
				F7F59784285A1D7200F9B32E /* AsamSummaryView.swift in Sources */,
				F7FB156F284AB09C004ACAC5 /* MSI.swift in Sources */,
				F71DF4A92859143C00686951 /* UIImageExtensions.swift in Sources */,
				F71DF4942858C0EF00686951 /* StyledPolygon.swift in Sources */,
				F7F5979D285D17EE00F9B32E /* ModuSummaryView.swift in Sources */,
				F7F59797285D15B900F9B32E /* ModuListView.swift in Sources */,
				F71DF4A02859116C00686951 /* Notifications.swift in Sources */,
				F7F5978D285BABA100F9B32E /* LatitudeLongitudeButton.swift in Sources */,
				F7FB156D284AAF1B004ACAC5 /* MSIRouter.swift in Sources */,
				F71DF49C2859025200686951 /* AsamAnnotation.swift in Sources */,
				F7A54CD72848149700E5F565 /* AsamListView.swift in Sources */,
				F71DF48A2858BF0700686951 /* MarlinMap.swift in Sources */,
				F7F597A3286238F400F9B32E /* MSIMapCluster.swift in Sources */,
			);
			runOnlyForDeploymentPostprocessing = 0;
		};
		F7A54CBB2848149700E5F565 /* Sources */ = {
			isa = PBXSourcesBuildPhase;
			buildActionMask = 2147483647;
			files = (
				F7A54CC62848149700E5F565 /* Tests_iOSLaunchTests.swift in Sources */,
				F7A54CC42848149700E5F565 /* Tests_iOS.swift in Sources */,
			);
			runOnlyForDeploymentPostprocessing = 0;
		};
/* End PBXSourcesBuildPhase section */

/* Begin PBXTargetDependency section */
		F727A693284E605800BD728A /* PBXTargetDependency */ = {
			isa = PBXTargetDependency;
			target = F7A54CB12848149700E5F565 /* Marlin */;
			targetProxy = F727A692284E605800BD728A /* PBXContainerItemProxy */;
		};
		F7A54CC12848149700E5F565 /* PBXTargetDependency */ = {
			isa = PBXTargetDependency;
			target = F7A54CB12848149700E5F565 /* Marlin */;
			targetProxy = F7A54CC02848149700E5F565 /* PBXContainerItemProxy */;
		};
/* End PBXTargetDependency section */

/* Begin XCBuildConfiguration section */
		F727A695284E605800BD728A /* Debug */ = {
			isa = XCBuildConfiguration;
			baseConfigurationReference = 3314854FB4F71C576357EF47 /* Pods-MarlinTests.debug.xcconfig */;
			buildSettings = {
				BUNDLE_LOADER = "$(TEST_HOST)";
				CODE_SIGN_STYLE = Automatic;
				CURRENT_PROJECT_VERSION = 1;
				DEVELOPMENT_TEAM = ZL8G5D9G2H;
				GENERATE_INFOPLIST_FILE = YES;
				IPHONEOS_DEPLOYMENT_TARGET = 15.5;
				MARKETING_VERSION = 1.0;
				PRODUCT_BUNDLE_IDENTIFIER = mil.nga.msi.MarlinTests;
				PRODUCT_NAME = "$(TARGET_NAME)";
				SDKROOT = iphoneos;
				SWIFT_EMIT_LOC_STRINGS = NO;
				SWIFT_OBJC_BRIDGING_HEADER = "MarlinTests/Marlin-Bridging-Header.h";
				SWIFT_VERSION = 5.0;
				TARGETED_DEVICE_FAMILY = "1,2";
				TEST_HOST = "$(BUILT_PRODUCTS_DIR)/Marlin.app/Marlin";
			};
			name = Debug;
		};
		F727A696284E605800BD728A /* Release */ = {
			isa = XCBuildConfiguration;
			baseConfigurationReference = C95BD18A52FCC50ED2ED6E21 /* Pods-MarlinTests.release.xcconfig */;
			buildSettings = {
				BUNDLE_LOADER = "$(TEST_HOST)";
				CODE_SIGN_STYLE = Automatic;
				CURRENT_PROJECT_VERSION = 1;
				DEVELOPMENT_TEAM = ZL8G5D9G2H;
				GENERATE_INFOPLIST_FILE = YES;
				IPHONEOS_DEPLOYMENT_TARGET = 15.5;
				MARKETING_VERSION = 1.0;
				PRODUCT_BUNDLE_IDENTIFIER = mil.nga.msi.MarlinTests;
				PRODUCT_NAME = "$(TARGET_NAME)";
				SDKROOT = iphoneos;
				SWIFT_EMIT_LOC_STRINGS = NO;
				SWIFT_OBJC_BRIDGING_HEADER = "MarlinTests/Marlin-Bridging-Header.h";
				SWIFT_VERSION = 5.0;
				TARGETED_DEVICE_FAMILY = "1,2";
				TEST_HOST = "$(BUILT_PRODUCTS_DIR)/Marlin.app/Marlin";
				VALIDATE_PRODUCT = YES;
			};
			name = Release;
		};
		F7A54CDD2848149700E5F565 /* Debug */ = {
			isa = XCBuildConfiguration;
			buildSettings = {
				ALWAYS_SEARCH_USER_PATHS = NO;
				CLANG_ANALYZER_NONNULL = YES;
				CLANG_ANALYZER_NUMBER_OBJECT_CONVERSION = YES_AGGRESSIVE;
				CLANG_CXX_LANGUAGE_STANDARD = "gnu++17";
				CLANG_ENABLE_MODULES = YES;
				CLANG_ENABLE_OBJC_ARC = YES;
				CLANG_ENABLE_OBJC_WEAK = YES;
				CLANG_WARN_BLOCK_CAPTURE_AUTORELEASING = YES;
				CLANG_WARN_BOOL_CONVERSION = YES;
				CLANG_WARN_COMMA = YES;
				CLANG_WARN_CONSTANT_CONVERSION = YES;
				CLANG_WARN_DEPRECATED_OBJC_IMPLEMENTATIONS = YES;
				CLANG_WARN_DIRECT_OBJC_ISA_USAGE = YES_ERROR;
				CLANG_WARN_DOCUMENTATION_COMMENTS = YES;
				CLANG_WARN_EMPTY_BODY = YES;
				CLANG_WARN_ENUM_CONVERSION = YES;
				CLANG_WARN_INFINITE_RECURSION = YES;
				CLANG_WARN_INT_CONVERSION = YES;
				CLANG_WARN_NON_LITERAL_NULL_CONVERSION = YES;
				CLANG_WARN_OBJC_IMPLICIT_RETAIN_SELF = YES;
				CLANG_WARN_OBJC_LITERAL_CONVERSION = YES;
				CLANG_WARN_OBJC_ROOT_CLASS = YES_ERROR;
				CLANG_WARN_QUOTED_INCLUDE_IN_FRAMEWORK_HEADER = YES;
				CLANG_WARN_RANGE_LOOP_ANALYSIS = YES;
				CLANG_WARN_STRICT_PROTOTYPES = YES;
				CLANG_WARN_SUSPICIOUS_MOVE = YES;
				CLANG_WARN_UNGUARDED_AVAILABILITY = YES_AGGRESSIVE;
				CLANG_WARN_UNREACHABLE_CODE = YES;
				CLANG_WARN__DUPLICATE_METHOD_MATCH = YES;
				COPY_PHASE_STRIP = NO;
				DEBUG_INFORMATION_FORMAT = dwarf;
				ENABLE_STRICT_OBJC_MSGSEND = YES;
				ENABLE_TESTABILITY = YES;
				GCC_C_LANGUAGE_STANDARD = gnu11;
				GCC_DYNAMIC_NO_PIC = NO;
				GCC_NO_COMMON_BLOCKS = YES;
				GCC_OPTIMIZATION_LEVEL = 0;
				GCC_PREPROCESSOR_DEFINITIONS = (
					"DEBUG=1",
					"$(inherited)",
				);
				GCC_WARN_64_TO_32_BIT_CONVERSION = YES;
				GCC_WARN_ABOUT_RETURN_TYPE = YES_ERROR;
				GCC_WARN_UNDECLARED_SELECTOR = YES;
				GCC_WARN_UNINITIALIZED_AUTOS = YES_AGGRESSIVE;
				GCC_WARN_UNUSED_FUNCTION = YES;
				GCC_WARN_UNUSED_VARIABLE = YES;
				MTL_ENABLE_DEBUG_INFO = INCLUDE_SOURCE;
				MTL_FAST_MATH = YES;
				ONLY_ACTIVE_ARCH = YES;
				SWIFT_ACTIVE_COMPILATION_CONDITIONS = DEBUG;
				SWIFT_OPTIMIZATION_LEVEL = "-Onone";
			};
			name = Debug;
		};
		F7A54CDE2848149700E5F565 /* Release */ = {
			isa = XCBuildConfiguration;
			buildSettings = {
				ALWAYS_SEARCH_USER_PATHS = NO;
				CLANG_ANALYZER_NONNULL = YES;
				CLANG_ANALYZER_NUMBER_OBJECT_CONVERSION = YES_AGGRESSIVE;
				CLANG_CXX_LANGUAGE_STANDARD = "gnu++17";
				CLANG_ENABLE_MODULES = YES;
				CLANG_ENABLE_OBJC_ARC = YES;
				CLANG_ENABLE_OBJC_WEAK = YES;
				CLANG_WARN_BLOCK_CAPTURE_AUTORELEASING = YES;
				CLANG_WARN_BOOL_CONVERSION = YES;
				CLANG_WARN_COMMA = YES;
				CLANG_WARN_CONSTANT_CONVERSION = YES;
				CLANG_WARN_DEPRECATED_OBJC_IMPLEMENTATIONS = YES;
				CLANG_WARN_DIRECT_OBJC_ISA_USAGE = YES_ERROR;
				CLANG_WARN_DOCUMENTATION_COMMENTS = YES;
				CLANG_WARN_EMPTY_BODY = YES;
				CLANG_WARN_ENUM_CONVERSION = YES;
				CLANG_WARN_INFINITE_RECURSION = YES;
				CLANG_WARN_INT_CONVERSION = YES;
				CLANG_WARN_NON_LITERAL_NULL_CONVERSION = YES;
				CLANG_WARN_OBJC_IMPLICIT_RETAIN_SELF = YES;
				CLANG_WARN_OBJC_LITERAL_CONVERSION = YES;
				CLANG_WARN_OBJC_ROOT_CLASS = YES_ERROR;
				CLANG_WARN_QUOTED_INCLUDE_IN_FRAMEWORK_HEADER = YES;
				CLANG_WARN_RANGE_LOOP_ANALYSIS = YES;
				CLANG_WARN_STRICT_PROTOTYPES = YES;
				CLANG_WARN_SUSPICIOUS_MOVE = YES;
				CLANG_WARN_UNGUARDED_AVAILABILITY = YES_AGGRESSIVE;
				CLANG_WARN_UNREACHABLE_CODE = YES;
				CLANG_WARN__DUPLICATE_METHOD_MATCH = YES;
				COPY_PHASE_STRIP = NO;
				DEBUG_INFORMATION_FORMAT = "dwarf-with-dsym";
				ENABLE_NS_ASSERTIONS = NO;
				ENABLE_STRICT_OBJC_MSGSEND = YES;
				GCC_C_LANGUAGE_STANDARD = gnu11;
				GCC_NO_COMMON_BLOCKS = YES;
				GCC_WARN_64_TO_32_BIT_CONVERSION = YES;
				GCC_WARN_ABOUT_RETURN_TYPE = YES_ERROR;
				GCC_WARN_UNDECLARED_SELECTOR = YES;
				GCC_WARN_UNINITIALIZED_AUTOS = YES_AGGRESSIVE;
				GCC_WARN_UNUSED_FUNCTION = YES;
				GCC_WARN_UNUSED_VARIABLE = YES;
				MTL_ENABLE_DEBUG_INFO = NO;
				MTL_FAST_MATH = YES;
				SWIFT_COMPILATION_MODE = wholemodule;
				SWIFT_OPTIMIZATION_LEVEL = "-O";
			};
			name = Release;
		};
		F7A54CE02848149700E5F565 /* Debug */ = {
			isa = XCBuildConfiguration;
			baseConfigurationReference = 34DEDF107D4BA2A7D7541968 /* Pods-Marlin.debug.xcconfig */;
			buildSettings = {
				ASSETCATALOG_COMPILER_APPICON_NAME = AppIcon;
				ASSETCATALOG_COMPILER_GLOBAL_ACCENT_COLOR_NAME = AccentColor;
				CODE_SIGN_STYLE = Automatic;
				CURRENT_PROJECT_VERSION = 1;
				DEVELOPMENT_TEAM = ZL8G5D9G2H;
				ENABLE_PREVIEWS = YES;
				GENERATE_INFOPLIST_FILE = YES;
				INFOPLIST_FILE = Marlin/Info.plist;
				INFOPLIST_KEY_UIApplicationSceneManifest_Generation = YES;
				INFOPLIST_KEY_UIApplicationSupportsIndirectInputEvents = YES;
				INFOPLIST_KEY_UILaunchScreen_Generation = YES;
				INFOPLIST_KEY_UISupportedInterfaceOrientations_iPad = "UIInterfaceOrientationPortrait UIInterfaceOrientationPortraitUpsideDown UIInterfaceOrientationLandscapeLeft UIInterfaceOrientationLandscapeRight";
				INFOPLIST_KEY_UISupportedInterfaceOrientations_iPhone = "UIInterfaceOrientationPortrait UIInterfaceOrientationLandscapeLeft UIInterfaceOrientationLandscapeRight";
				IPHONEOS_DEPLOYMENT_TARGET = 15.5;
				LD_RUNPATH_SEARCH_PATHS = (
					"$(inherited)",
					"@executable_path/Frameworks",
				);
				MARKETING_VERSION = 1.0;
				PRODUCT_BUNDLE_IDENTIFIER = mil.nga.msi.Marlin;
				PRODUCT_NAME = Marlin;
				SDKROOT = iphoneos;
				SWIFT_EMIT_LOC_STRINGS = YES;
				SWIFT_VERSION = 5.0;
				TARGETED_DEVICE_FAMILY = "1,2";
			};
			name = Debug;
		};
		F7A54CE12848149700E5F565 /* Release */ = {
			isa = XCBuildConfiguration;
			baseConfigurationReference = F32BF352638699CBFE1A8D52 /* Pods-Marlin.release.xcconfig */;
			buildSettings = {
				ASSETCATALOG_COMPILER_APPICON_NAME = AppIcon;
				ASSETCATALOG_COMPILER_GLOBAL_ACCENT_COLOR_NAME = AccentColor;
				CODE_SIGN_STYLE = Automatic;
				CURRENT_PROJECT_VERSION = 1;
				DEVELOPMENT_TEAM = ZL8G5D9G2H;
				ENABLE_PREVIEWS = YES;
				GENERATE_INFOPLIST_FILE = YES;
				INFOPLIST_FILE = Marlin/Info.plist;
				INFOPLIST_KEY_UIApplicationSceneManifest_Generation = YES;
				INFOPLIST_KEY_UIApplicationSupportsIndirectInputEvents = YES;
				INFOPLIST_KEY_UILaunchScreen_Generation = YES;
				INFOPLIST_KEY_UISupportedInterfaceOrientations_iPad = "UIInterfaceOrientationPortrait UIInterfaceOrientationPortraitUpsideDown UIInterfaceOrientationLandscapeLeft UIInterfaceOrientationLandscapeRight";
				INFOPLIST_KEY_UISupportedInterfaceOrientations_iPhone = "UIInterfaceOrientationPortrait UIInterfaceOrientationLandscapeLeft UIInterfaceOrientationLandscapeRight";
				IPHONEOS_DEPLOYMENT_TARGET = 15.5;
				LD_RUNPATH_SEARCH_PATHS = (
					"$(inherited)",
					"@executable_path/Frameworks",
				);
				MARKETING_VERSION = 1.0;
				PRODUCT_BUNDLE_IDENTIFIER = mil.nga.msi.Marlin;
				PRODUCT_NAME = Marlin;
				SDKROOT = iphoneos;
				SWIFT_EMIT_LOC_STRINGS = YES;
				SWIFT_VERSION = 5.0;
				TARGETED_DEVICE_FAMILY = "1,2";
				VALIDATE_PRODUCT = YES;
			};
			name = Release;
		};
		F7A54CE62848149700E5F565 /* Debug */ = {
			isa = XCBuildConfiguration;
			buildSettings = {
				CODE_SIGN_STYLE = Automatic;
				CURRENT_PROJECT_VERSION = 1;
				DEVELOPMENT_TEAM = ZL8G5D9G2H;
				GENERATE_INFOPLIST_FILE = YES;
				IPHONEOS_DEPLOYMENT_TARGET = 15.5;
				MARKETING_VERSION = 1.0;
				PRODUCT_BUNDLE_IDENTIFIER = "mil.nga.msi.Tests-iOS";
				PRODUCT_NAME = "$(TARGET_NAME)";
				SDKROOT = iphoneos;
				SWIFT_EMIT_LOC_STRINGS = NO;
				SWIFT_VERSION = 5.0;
				TARGETED_DEVICE_FAMILY = "1,2";
				TEST_TARGET_NAME = "Marlin (iOS)";
			};
			name = Debug;
		};
		F7A54CE72848149700E5F565 /* Release */ = {
			isa = XCBuildConfiguration;
			buildSettings = {
				CODE_SIGN_STYLE = Automatic;
				CURRENT_PROJECT_VERSION = 1;
				DEVELOPMENT_TEAM = ZL8G5D9G2H;
				GENERATE_INFOPLIST_FILE = YES;
				IPHONEOS_DEPLOYMENT_TARGET = 15.5;
				MARKETING_VERSION = 1.0;
				PRODUCT_BUNDLE_IDENTIFIER = "mil.nga.msi.Tests-iOS";
				PRODUCT_NAME = "$(TARGET_NAME)";
				SDKROOT = iphoneos;
				SWIFT_EMIT_LOC_STRINGS = NO;
				SWIFT_VERSION = 5.0;
				TARGETED_DEVICE_FAMILY = "1,2";
				TEST_TARGET_NAME = "Marlin (iOS)";
				VALIDATE_PRODUCT = YES;
			};
			name = Release;
		};
/* End XCBuildConfiguration section */

/* Begin XCConfigurationList section */
		F727A694284E605800BD728A /* Build configuration list for PBXNativeTarget "MarlinTests" */ = {
			isa = XCConfigurationList;
			buildConfigurations = (
				F727A695284E605800BD728A /* Debug */,
				F727A696284E605800BD728A /* Release */,
			);
			defaultConfigurationIsVisible = 0;
			defaultConfigurationName = Release;
		};
		F7A54CA62848149500E5F565 /* Build configuration list for PBXProject "Marlin" */ = {
			isa = XCConfigurationList;
			buildConfigurations = (
				F7A54CDD2848149700E5F565 /* Debug */,
				F7A54CDE2848149700E5F565 /* Release */,
			);
			defaultConfigurationIsVisible = 0;
			defaultConfigurationName = Release;
		};
		F7A54CDF2848149700E5F565 /* Build configuration list for PBXNativeTarget "Marlin" */ = {
			isa = XCConfigurationList;
			buildConfigurations = (
				F7A54CE02848149700E5F565 /* Debug */,
				F7A54CE12848149700E5F565 /* Release */,
			);
			defaultConfigurationIsVisible = 0;
			defaultConfigurationName = Release;
		};
		F7A54CE52848149700E5F565 /* Build configuration list for PBXNativeTarget "Tests" */ = {
			isa = XCConfigurationList;
			buildConfigurations = (
				F7A54CE62848149700E5F565 /* Debug */,
				F7A54CE72848149700E5F565 /* Release */,
			);
			defaultConfigurationIsVisible = 0;
			defaultConfigurationName = Release;
		};
/* End XCConfigurationList section */

/* Begin XCVersionGroup section */
		F7A54CA82848149500E5F565 /* Marlin.xcdatamodeld */ = {
			isa = XCVersionGroup;
			children = (
				F7A54CA92848149500E5F565 /* Shared.xcdatamodel */,
			);
			currentVersion = F7A54CA92848149500E5F565 /* Shared.xcdatamodel */;
			path = Marlin.xcdatamodeld;
			sourceTree = "<group>";
			versionGroupType = wrapper.xcdatamodel;
		};
/* End XCVersionGroup section */
	};
	rootObject = F7A54CA32848149500E5F565 /* Project object */;
}
