PODS:
  - Alamofire (5.8.1)
  - color-ios (1.0.2)
  - crs-ios (1.0.5)
  - gars-ios (1.1.4):
    - grid-ios (~> 1.0.6)
  - geopackage-ios (8.0.4):
    - color-ios (~> 1.0.2)
    - ogc-api-features-json-ios (~> 4.2.4)
    - sf-proj-ios (~> 6.0.2)
    - sf-wkb-ios (~> 4.1.3)
    - sf-wkt-ios (~> 2.1.3)
    - tiff-ios (~> 4.0.2)
  - grid-ios (1.0.6):
    - color-ios (~> 1.0.2)
    - sf-ios (~> 4.1.3)
  - KIF (3.8.9):
    - KIF/Core (= 3.8.9)
  - KIF/Core (3.8.9)
  - Kingfisher (7.10.0)
  - MatomoTracker (7.5.2):
    - MatomoTracker/Core (= 7.5.2)
  - MatomoTracker/Core (7.5.2)
  - mgrs-ios (1.1.5):
    - grid-ios (~> 1.0.6)
  - ogc-api-features-json-ios (4.2.4):
    - sf-geojson-ios (~> 4.2.4)
  - OHHTTPStubs (9.1.0):
    - OHHTTPStubs/Default (= 9.1.0)
  - OHHTTPStubs/Core (9.1.0)
  - OHHTTPStubs/Default (9.1.0):
    - OHHTTPStubs/Core
    - OHHTTPStubs/JSON
    - OHHTTPStubs/NSURLSession
    - OHHTTPStubs/OHPathHelpers
  - OHHTTPStubs/JSON (9.1.0):
    - OHHTTPStubs/Core
  - OHHTTPStubs/NSURLSession (9.1.0):
    - OHHTTPStubs/Core
  - OHHTTPStubs/OHPathHelpers (9.1.0)
  - OHHTTPStubs/Swift (9.1.0):
    - OHHTTPStubs/Default
  - PROJ (9.3.0):
    - PROJ-include (~> 9.3.0)
  - PROJ-include (9.3.0)
  - proj-ios (2.0.2):
    - crs-ios (~> 1.0.5)
    - PROJ (~> 9.3.0)
  - sf-geojson-ios (4.2.4):
    - sf-ios (~> 4.1.3)
  - sf-ios (4.1.3)
  - sf-proj-ios (6.0.2):
    - proj-ios (~> 2.0.2)
    - sf-ios (~> 4.1.3)
  - sf-wkb-ios (4.1.3):
    - sf-ios (~> 4.1.3)
  - sf-wkt-ios (2.1.3):
    - sf-ios (~> 4.1.3)
  - SwiftUIIntrospect (1.1.1)
  - SWXMLHash (7.0.2)
  - tiff-ios (4.0.2)

DEPENDENCIES:
  - Alamofire
  - gars-ios
  - geopackage-ios
  - KIF
  - Kingfisher
  - MatomoTracker (~> 7.5)
  - mgrs-ios
  - OHHTTPStubs
  - OHHTTPStubs/Swift
  - SwiftUIIntrospect
  - SWXMLHash (~> 7)

SPEC REPOS:
  https://github.com/CocoaPods/Specs.git:
    - Alamofire
    - color-ios
    - crs-ios
    - gars-ios
    - geopackage-ios
    - grid-ios
    - KIF
    - Kingfisher
    - MatomoTracker
    - mgrs-ios
    - ogc-api-features-json-ios
    - OHHTTPStubs
    - PROJ
    - PROJ-include
    - proj-ios
    - sf-geojson-ios
    - sf-ios
    - sf-proj-ios
    - sf-wkb-ios
    - sf-wkt-ios
    - SwiftUIIntrospect
    - SWXMLHash
    - tiff-ios

SPEC CHECKSUMS:
  Alamofire: 3ca42e259043ee0dc5c0cdd76c4bc568b8e42af7
  color-ios: 77715f5f4c5944b3c85396e9263bfa17a1bf2cfd
  crs-ios: cd52ed8ad551387cf12bfd4903d503fa1dff48f9
  gars-ios: f30162714b7ace890238155cd8dec51ffbb5dc3e
  geopackage-ios: f267cf4f09c0a24c7759f33ddb3d33b5a5ffe494
  grid-ios: a86f1d0e90c6ae2721ec3abcf1763a2d300ab19b
  KIF: 7660c626b0f2d4562533590960db70a36d640558
  Kingfisher: a18f05d3b6d37d8650ee4a3e61d57a28fc6207f6
  MatomoTracker: 1d98ddc58322fd9d65e1a6886b8e41363047bd13
  mgrs-ios: 969543c1fbcbd36c73a948e0f5d77cf769d1c326
  ogc-api-features-json-ios: c484e4d3aca15a2b3ff500fee2c40f9fe592a072
  OHHTTPStubs: 90eac6d8f2c18317baeca36698523dc67c513831
  PROJ: a4c0abaf5d58888c30f5d4f72d75db734206ba04
  PROJ-include: 139dcfde0249c52c4a2347d2f9cdb585e130bfc0
  proj-ios: efcf9cf2065beb49abae4b79e93064bfdb45a137
  sf-geojson-ios: 3f4ff6019e3ec8bd9af2063d9e29bfee09078d71
  sf-ios: 5aeb45e272d09e8eeca06ee7c6b820199308c54c
  sf-proj-ios: c7169e74aea4c25285e89cadbd1338f7c9fb8648
  sf-wkb-ios: 0407b2327f068d54b97ddc93b7d04fe6efdf6c42
  sf-wkt-ios: dd33f0c9905428834ff6d1ee6e55cfeaa7349985
  SwiftUIIntrospect: db5290a3492424eb4afcab77cebcd4595de3bd71
  SWXMLHash: dd733a457e9c4fe93b1538654057aefae4acb382
  tiff-ios: 1ad6750cd8bb3db75bd2977e40145813389786b9

PODFILE CHECKSUM: 42b1cb6ff1177748298b4c6795543ea46096bd23

COCOAPODS: 1.14.3
