PODS:
  - Alamofire (5.6.2)
  - color-ios (1.0.0)
  - crs-ios (1.0.3)
  - gars-ios (1.1.0):
    - grid-ios (~> 1.0.2)
  - geopackage-ios (7.3.0):
    - color-ios (~> 1.0.0)
    - ogc-api-features-json-ios (~> 4.1.0)
    - sf-proj-ios (~> 5.1.0)
    - sf-wkb-ios (~> 4.1.0)
    - sf-wkt-ios (~> 2.1.0)
    - tiff-ios (~> 4.0.0)
  - grid-ios (1.0.2):
    - color-ios (~> 1.0.0)
    - sf-ios (~> 4.1.0)
  - KIF (3.8.7):
    - KIF/Core (= 3.8.7)
  - KIF/Core (3.8.7)
  - mgrs-ios (1.1.0):
    - grid-ios (~> 1.0.2)
  - Nimble (10.0.0)
  - ogc-api-features-json-ios (4.1.0):
    - sf-geojson-ios (~> 4.1.0)
  - OHHTTPStubs (9.1.0):
    - OHHTTPStubs/Default (= 9.1.0)
  - OHHTTPStubs/Core (9.1.0)
  - OHHTTPStubs/Default (9.1.0):
    - OHHTTPStubs/Core
    - OHHTTPStubs/JSON
    - OHHTTPStubs/NSURLSession
    - OHHTTPStubs/OHPathHelpers
  - OHHTTPStubs/JSON (9.1.0):
    - OHHTTPStubs/Core
  - OHHTTPStubs/NSURLSession (9.1.0):
    - OHHTTPStubs/Core
  - OHHTTPStubs/OHPathHelpers (9.1.0)
  - OHHTTPStubs/Swift (9.1.0):
    - OHHTTPStubs/Default
  - proj-ios (1.0.3):
    - crs-ios (~> 1.0.3)
    - proj4-ios (~> 4.9.3)
  - proj4-ios (4.9.3)
  - Quick (5.0.1)
  - sf-geojson-ios (4.1.0):
    - sf-ios (~> 4.1.0)
  - sf-ios (4.1.0)
  - sf-proj-ios (5.1.0):
    - proj-ios (~> 1.0.3)
    - sf-ios (~> 4.1.0)
  - sf-wkb-ios (4.1.0):
    - sf-ios (~> 4.1.0)
  - sf-wkt-ios (2.1.0):
    - sf-ios (~> 4.1.0)
  - tiff-ios (4.0.0)

DEPENDENCIES:
  - Alamofire
  - gars-ios
  - geopackage-ios
  - KIF
  - mgrs-ios
  - Nimble
  - OHHTTPStubs
  - OHHTTPStubs/Swift
  - Quick

SPEC REPOS:
  https://github.com/CocoaPods/Specs.git:
    - Alamofire
    - color-ios
    - crs-ios
    - gars-ios
    - geopackage-ios
    - grid-ios
    - KIF
    - mgrs-ios
    - Nimble
    - ogc-api-features-json-ios
    - OHHTTPStubs
    - proj-ios
    - proj4-ios
    - Quick
    - sf-geojson-ios
    - sf-ios
    - sf-proj-ios
    - sf-wkb-ios
    - sf-wkt-ios
    - tiff-ios

SPEC CHECKSUMS:
  Alamofire: d368e1ff8a298e6dde360e35a3e68e6c610e7204
  color-ios: de6e9f87578f3fa5b688a671d375cc799e52ca41
  crs-ios: b02a1ce24228f85cfc945507fc58b7a35b7bbb88
  gars-ios: d41cbb5eb51f8e8f6407ec5213772f19830ec0b8
  geopackage-ios: 4f107db4241c4a6c53f6e5edbfd0e5a4e31163a9
  grid-ios: 651e86865a7d485b5341766a4dc46e8c25f08ff1
  KIF: 779cdbca106633b94ecee7b036537490ebdbd9de
  mgrs-ios: 6e1718f734ea5ace3ae3748cafa91f096f2b58fd
  Nimble: 5316ef81a170ce87baf72dd961f22f89a602ff84
  ogc-api-features-json-ios: c528d5dbc44d0268efe44425439734f1240b6764
  OHHTTPStubs: 90eac6d8f2c18317baeca36698523dc67c513831
  proj-ios: b9b0fced7abed627750164b140fc4629bc76ca17
  proj4-ios: fa2f3ab9ba9ba727bd10bc12aea735d0c3927ef4
  Quick: 749aa754fd1e7d984f2000fe051e18a3a9809179
  sf-geojson-ios: 3808a5dfb5505c30d5a9d614f42b814da638066a
  sf-ios: 02f985b929472e3b8a42924a5a352ee0fcf589fe
  sf-proj-ios: ae6a661e6e01ad7cb1d555110cc64d1bf8887c71
  sf-wkb-ios: 02fecc1ca79d1661bad77279c196a55f741173f6
  sf-wkt-ios: c2d988fffb8091d3449d16c74cd215a9cb98f4a6
  tiff-ios: fb3f51fcd3400ea1dd8f710d2a7832a18d112580

PODFILE CHECKSUM: 30b720d5f5b947a43268b4b5884cbadd8232c639

COCOAPODS: 1.11.3
